// !$*UTF8*$!
{
	archiveVersion = 1;
	classes = {
	};
	objectVersion = 48;
	objects = {

/* Begin PBXBuildFile section */
		27BE504B22047F80004DC356 /* fJI8P5Z4cIhP3HawlXVvxWBrbyj5QkTF.p12 in Resources */ = {isa = PBXBuildFile; fileRef = 27BE504A22047F80004DC356 /* fJI8P5Z4cIhP3HawlXVvxWBrbyj5QkTF.p12 */; };
		5C16D5E3203ECABA00947940 /* AppDelegate.swift in Sources */ = {isa = PBXBuildFile; fileRef = 5C16D5E2203ECABA00947940 /* AppDelegate.swift */; };
		5C16D5E5203ECABA00947940 /* CAExampleViewController.swift in Sources */ = {isa = PBXBuildFile; fileRef = 5C16D5E4203ECABA00947940 /* CAExampleViewController.swift */; };
		5C16D5E8203ECABA00947940 /* Main.storyboard in Resources */ = {isa = PBXBuildFile; fileRef = 5C16D5E6203ECABA00947940 /* Main.storyboard */; };
		5C16D5EA203ECABA00947940 /* Assets.xcassets in Resources */ = {isa = PBXBuildFile; fileRef = 5C16D5E9203ECABA00947940 /* Assets.xcassets */; };
		5C16D5ED203ECABA00947940 /* LaunchScreen.storyboard in Resources */ = {isa = PBXBuildFile; fileRef = 5C16D5EB203ECABA00947940 /* LaunchScreen.storyboard */; };
		5C16D5F8203ECABB00947940 /* DigiMeSDKExampleSwiftTests.swift in Sources */ = {isa = PBXBuildFile; fileRef = 5C16D5F7203ECABB00947940 /* DigiMeSDKExampleSwiftTests.swift */; };
		5C16D603203ECABB00947940 /* DigiMeSDKExampleSwiftUITests.swift in Sources */ = {isa = PBXBuildFile; fileRef = 5C16D602203ECABB00947940 /* DigiMeSDKExampleSwiftUITests.swift */; };
		5C16D615203ED12800947940 /* LogViewController.swift in Sources */ = {isa = PBXBuildFile; fileRef = 5C16D614203ED12800947940 /* LogViewController.swift */; };
		5C28158822D608A50052CCD7 /* WelcomeViewController.swift in Sources */ = {isa = PBXBuildFile; fileRef = 5C28158722D608A50052CCD7 /* WelcomeViewController.swift */; };
		5C28158A22D610390052CCD7 /* PostboxExampleViewController.swift in Sources */ = {isa = PBXBuildFile; fileRef = 5C28158922D610390052CCD7 /* PostboxExampleViewController.swift */; };
		5C28158C22D833A00052CCD7 /* Constants.swift in Sources */ = {isa = PBXBuildFile; fileRef = 5C28158B22D833A00052CCD7 /* Constants.swift */; };
		5C28158F22D8343D0052CCD7 /* POSTBOXMETADATA.json in Resources */ = {isa = PBXBuildFile; fileRef = 5C28158D22D8343D0052CCD7 /* POSTBOXMETADATA.json */; };
		5C28159022D8343D0052CCD7 /* POSTBOXDATA.json in Resources */ = {isa = PBXBuildFile; fileRef = 5C28158E22D8343D0052CCD7 /* POSTBOXDATA.json */; };
		643065A0557489D15C5ABE8E /* Pods_DigiMeSDKExampleSwift.framework in Frameworks */ = {isa = PBXBuildFile; fileRef = EBD7BB4CB287E88154AF9DE0 /* Pods_DigiMeSDKExampleSwift.framework */; };
		A6BA1ED7C4F44AEA1945120C /* Pods_DigiMeSDKExampleSwiftTests.framework in Frameworks */ = {isa = PBXBuildFile; fileRef = 284FACD609865A7CEDB8C49B /* Pods_DigiMeSDKExampleSwiftTests.framework */; };
/* End PBXBuildFile section */

/* Begin PBXContainerItemProxy section */
		5C16D5F4203ECABB00947940 /* PBXContainerItemProxy */ = {
			isa = PBXContainerItemProxy;
			containerPortal = 5C16D5D7203ECABA00947940 /* Project object */;
			proxyType = 1;
			remoteGlobalIDString = 5C16D5DE203ECABA00947940;
			remoteInfo = DigiMeSDKExampleSwift;
		};
		5C16D5FF203ECABB00947940 /* PBXContainerItemProxy */ = {
			isa = PBXContainerItemProxy;
			containerPortal = 5C16D5D7203ECABA00947940 /* Project object */;
			proxyType = 1;
			remoteGlobalIDString = 5C16D5DE203ECABA00947940;
			remoteInfo = DigiMeSDKExampleSwift;
		};
/* End PBXContainerItemProxy section */

/* Begin PBXFileReference section */
		27BE504A22047F80004DC356 /* fJI8P5Z4cIhP3HawlXVvxWBrbyj5QkTF.p12 */ = {isa = PBXFileReference; lastKnownFileType = file; path = fJI8P5Z4cIhP3HawlXVvxWBrbyj5QkTF.p12; sourceTree = "<group>"; };
		284FACD609865A7CEDB8C49B /* Pods_DigiMeSDKExampleSwiftTests.framework */ = {isa = PBXFileReference; explicitFileType = wrapper.framework; includeInIndex = 0; path = Pods_DigiMeSDKExampleSwiftTests.framework; sourceTree = BUILT_PRODUCTS_DIR; };
		5C16D5DF203ECABA00947940 /* DigiMeSDKExampleSwift.app */ = {isa = PBXFileReference; explicitFileType = wrapper.application; includeInIndex = 0; path = DigiMeSDKExampleSwift.app; sourceTree = BUILT_PRODUCTS_DIR; };
		5C16D5E2203ECABA00947940 /* AppDelegate.swift */ = {isa = PBXFileReference; lastKnownFileType = sourcecode.swift; path = AppDelegate.swift; sourceTree = "<group>"; };
		5C16D5E4203ECABA00947940 /* CAExampleViewController.swift */ = {isa = PBXFileReference; lastKnownFileType = sourcecode.swift; path = CAExampleViewController.swift; sourceTree = "<group>"; };
		5C16D5E7203ECABA00947940 /* Base */ = {isa = PBXFileReference; lastKnownFileType = file.storyboard; name = Base; path = Base.lproj/Main.storyboard; sourceTree = "<group>"; };
		5C16D5E9203ECABA00947940 /* Assets.xcassets */ = {isa = PBXFileReference; lastKnownFileType = folder.assetcatalog; path = Assets.xcassets; sourceTree = "<group>"; };
		5C16D5EC203ECABA00947940 /* Base */ = {isa = PBXFileReference; lastKnownFileType = file.storyboard; name = Base; path = Base.lproj/LaunchScreen.storyboard; sourceTree = "<group>"; };
		5C16D5EE203ECABB00947940 /* Info.plist */ = {isa = PBXFileReference; lastKnownFileType = text.plist.xml; path = Info.plist; sourceTree = "<group>"; };
		5C16D5F3203ECABB00947940 /* DigiMeSDKExampleSwiftTests.xctest */ = {isa = PBXFileReference; explicitFileType = wrapper.cfbundle; includeInIndex = 0; path = DigiMeSDKExampleSwiftTests.xctest; sourceTree = BUILT_PRODUCTS_DIR; };
		5C16D5F7203ECABB00947940 /* DigiMeSDKExampleSwiftTests.swift */ = {isa = PBXFileReference; lastKnownFileType = sourcecode.swift; path = DigiMeSDKExampleSwiftTests.swift; sourceTree = "<group>"; };
		5C16D5F9203ECABB00947940 /* Info.plist */ = {isa = PBXFileReference; lastKnownFileType = text.plist.xml; path = Info.plist; sourceTree = "<group>"; };
		5C16D5FE203ECABB00947940 /* DigiMeSDKExampleSwiftUITests.xctest */ = {isa = PBXFileReference; explicitFileType = wrapper.cfbundle; includeInIndex = 0; path = DigiMeSDKExampleSwiftUITests.xctest; sourceTree = BUILT_PRODUCTS_DIR; };
		5C16D602203ECABB00947940 /* DigiMeSDKExampleSwiftUITests.swift */ = {isa = PBXFileReference; lastKnownFileType = sourcecode.swift; path = DigiMeSDKExampleSwiftUITests.swift; sourceTree = "<group>"; };
		5C16D604203ECABB00947940 /* Info.plist */ = {isa = PBXFileReference; lastKnownFileType = text.plist.xml; path = Info.plist; sourceTree = "<group>"; };
		5C16D614203ED12800947940 /* LogViewController.swift */ = {isa = PBXFileReference; lastKnownFileType = sourcecode.swift; path = LogViewController.swift; sourceTree = "<group>"; };
		5C28158722D608A50052CCD7 /* WelcomeViewController.swift */ = {isa = PBXFileReference; lastKnownFileType = sourcecode.swift; path = WelcomeViewController.swift; sourceTree = "<group>"; };
		5C28158922D610390052CCD7 /* PostboxExampleViewController.swift */ = {isa = PBXFileReference; lastKnownFileType = sourcecode.swift; path = PostboxExampleViewController.swift; sourceTree = "<group>"; };
		5C28158B22D833A00052CCD7 /* Constants.swift */ = {isa = PBXFileReference; lastKnownFileType = sourcecode.swift; path = Constants.swift; sourceTree = "<group>"; };
		5C28158D22D8343D0052CCD7 /* POSTBOXMETADATA.json */ = {isa = PBXFileReference; fileEncoding = 4; lastKnownFileType = text.json; path = POSTBOXMETADATA.json; sourceTree = "<group>"; };
		5C28158E22D8343D0052CCD7 /* POSTBOXDATA.json */ = {isa = PBXFileReference; fileEncoding = 4; lastKnownFileType = text.json; path = POSTBOXDATA.json; sourceTree = "<group>"; };
		668D338B86DA53F264E092D9 /* Pods-DigiMeSDKExampleSwift.release.xcconfig */ = {isa = PBXFileReference; includeInIndex = 1; lastKnownFileType = text.xcconfig; name = "Pods-DigiMeSDKExampleSwift.release.xcconfig"; path = "Pods/Target Support Files/Pods-DigiMeSDKExampleSwift/Pods-DigiMeSDKExampleSwift.release.xcconfig"; sourceTree = "<group>"; };
		8928BE62EE9768E3D28D9792 /* Pods-DigiMeSDKExampleSwift.debug.xcconfig */ = {isa = PBXFileReference; includeInIndex = 1; lastKnownFileType = text.xcconfig; name = "Pods-DigiMeSDKExampleSwift.debug.xcconfig"; path = "Pods/Target Support Files/Pods-DigiMeSDKExampleSwift/Pods-DigiMeSDKExampleSwift.debug.xcconfig"; sourceTree = "<group>"; };
		D142458B4A7E0C5DB64DB971 /* Pods-DigiMeSDKExampleSwiftTests.release.xcconfig */ = {isa = PBXFileReference; includeInIndex = 1; lastKnownFileType = text.xcconfig; name = "Pods-DigiMeSDKExampleSwiftTests.release.xcconfig"; path = "Pods/Target Support Files/Pods-DigiMeSDKExampleSwiftTests/Pods-DigiMeSDKExampleSwiftTests.release.xcconfig"; sourceTree = "<group>"; };
		E4E3BA34E05D5725A7D1F547 /* Pods-DigiMeSDKExampleSwiftTests.debug.xcconfig */ = {isa = PBXFileReference; includeInIndex = 1; lastKnownFileType = text.xcconfig; name = "Pods-DigiMeSDKExampleSwiftTests.debug.xcconfig"; path = "Pods/Target Support Files/Pods-DigiMeSDKExampleSwiftTests/Pods-DigiMeSDKExampleSwiftTests.debug.xcconfig"; sourceTree = "<group>"; };
		EBD7BB4CB287E88154AF9DE0 /* Pods_DigiMeSDKExampleSwift.framework */ = {isa = PBXFileReference; explicitFileType = wrapper.framework; includeInIndex = 0; path = Pods_DigiMeSDKExampleSwift.framework; sourceTree = BUILT_PRODUCTS_DIR; };
/* End PBXFileReference section */

/* Begin PBXFrameworksBuildPhase section */
		5C16D5DC203ECABA00947940 /* Frameworks */ = {
			isa = PBXFrameworksBuildPhase;
			buildActionMask = 2147483647;
			files = (
				643065A0557489D15C5ABE8E /* Pods_DigiMeSDKExampleSwift.framework in Frameworks */,
			);
			runOnlyForDeploymentPostprocessing = 0;
		};
		5C16D5F0203ECABB00947940 /* Frameworks */ = {
			isa = PBXFrameworksBuildPhase;
			buildActionMask = 2147483647;
			files = (
				A6BA1ED7C4F44AEA1945120C /* Pods_DigiMeSDKExampleSwiftTests.framework in Frameworks */,
			);
			runOnlyForDeploymentPostprocessing = 0;
		};
		5C16D5FB203ECABB00947940 /* Frameworks */ = {
			isa = PBXFrameworksBuildPhase;
			buildActionMask = 2147483647;
			files = (
			);
			runOnlyForDeploymentPostprocessing = 0;
		};
/* End PBXFrameworksBuildPhase section */

/* Begin PBXGroup section */
		34F9DBFD98EC59890A9A1D4B /* Pods */ = {
			isa = PBXGroup;
			children = (
				8928BE62EE9768E3D28D9792 /* Pods-DigiMeSDKExampleSwift.debug.xcconfig */,
				668D338B86DA53F264E092D9 /* Pods-DigiMeSDKExampleSwift.release.xcconfig */,
				E4E3BA34E05D5725A7D1F547 /* Pods-DigiMeSDKExampleSwiftTests.debug.xcconfig */,
				D142458B4A7E0C5DB64DB971 /* Pods-DigiMeSDKExampleSwiftTests.release.xcconfig */,
			);
			name = Pods;
			sourceTree = "<group>";
		};
		5C16D5D6203ECABA00947940 = {
			isa = PBXGroup;
			children = (
				5C16D5E1203ECABA00947940 /* DigiMeSDKExampleSwift */,
				5C16D5F6203ECABB00947940 /* DigiMeSDKExampleSwiftTests */,
				5C16D601203ECABB00947940 /* DigiMeSDKExampleSwiftUITests */,
				5C16D5E0203ECABA00947940 /* Products */,
				34F9DBFD98EC59890A9A1D4B /* Pods */,
				7058F6A2AB3BA75BDAB6308C /* Frameworks */,
			);
			sourceTree = "<group>";
		};
		5C16D5E0203ECABA00947940 /* Products */ = {
			isa = PBXGroup;
			children = (
				5C16D5DF203ECABA00947940 /* DigiMeSDKExampleSwift.app */,
				5C16D5F3203ECABB00947940 /* DigiMeSDKExampleSwiftTests.xctest */,
				5C16D5FE203ECABB00947940 /* DigiMeSDKExampleSwiftUITests.xctest */,
			);
			name = Products;
			sourceTree = "<group>";
		};
		5C16D5E1203ECABA00947940 /* DigiMeSDKExampleSwift */ = {
			isa = PBXGroup;
			children = (
				5C16D5E2203ECABA00947940 /* AppDelegate.swift */,
				5C28158722D608A50052CCD7 /* WelcomeViewController.swift */,
				5C16D5E4203ECABA00947940 /* CAExampleViewController.swift */,
				5C28158922D610390052CCD7 /* PostboxExampleViewController.swift */,
				5C16D614203ED12800947940 /* LogViewController.swift */,
				5C28158B22D833A00052CCD7 /* Constants.swift */,
				27BE504A22047F80004DC356 /* fJI8P5Z4cIhP3HawlXVvxWBrbyj5QkTF.p12 */,
				5C28158E22D8343D0052CCD7 /* POSTBOXDATA.json */,
				5C28158D22D8343D0052CCD7 /* POSTBOXMETADATA.json */,
				5C16D5EE203ECABB00947940 /* Info.plist */,
				5C16D5E6203ECABA00947940 /* Main.storyboard */,
				5C16D5E9203ECABA00947940 /* Assets.xcassets */,
				5C16D5EB203ECABA00947940 /* LaunchScreen.storyboard */,
			);
			path = DigiMeSDKExampleSwift;
			sourceTree = "<group>";
		};
		5C16D5F6203ECABB00947940 /* DigiMeSDKExampleSwiftTests */ = {
			isa = PBXGroup;
			children = (
				5C16D5F7203ECABB00947940 /* DigiMeSDKExampleSwiftTests.swift */,
				5C16D5F9203ECABB00947940 /* Info.plist */,
			);
			path = DigiMeSDKExampleSwiftTests;
			sourceTree = "<group>";
		};
		5C16D601203ECABB00947940 /* DigiMeSDKExampleSwiftUITests */ = {
			isa = PBXGroup;
			children = (
				5C16D602203ECABB00947940 /* DigiMeSDKExampleSwiftUITests.swift */,
				5C16D604203ECABB00947940 /* Info.plist */,
			);
			path = DigiMeSDKExampleSwiftUITests;
			sourceTree = "<group>";
		};
		7058F6A2AB3BA75BDAB6308C /* Frameworks */ = {
			isa = PBXGroup;
			children = (
				EBD7BB4CB287E88154AF9DE0 /* Pods_DigiMeSDKExampleSwift.framework */,
				284FACD609865A7CEDB8C49B /* Pods_DigiMeSDKExampleSwiftTests.framework */,
			);
			name = Frameworks;
			sourceTree = "<group>";
		};
/* End PBXGroup section */

/* Begin PBXNativeTarget section */
		5C16D5DE203ECABA00947940 /* DigiMeSDKExampleSwift */ = {
			isa = PBXNativeTarget;
			buildConfigurationList = 5C16D607203ECABB00947940 /* Build configuration list for PBXNativeTarget "DigiMeSDKExampleSwift" */;
			buildPhases = (
				2DD692C3671D70B0AC0E743B /* [CP] Check Pods Manifest.lock */,
				5C16D5DB203ECABA00947940 /* Sources */,
				5C16D5DC203ECABA00947940 /* Frameworks */,
				5C16D5DD203ECABA00947940 /* Resources */,
				4C065984A587FA211B884093 /* [CP] Embed Pods Frameworks */,
			);
			buildRules = (
			);
			dependencies = (
			);
			name = DigiMeSDKExampleSwift;
			productName = DigiMeSDKExampleSwift;
			productReference = 5C16D5DF203ECABA00947940 /* DigiMeSDKExampleSwift.app */;
			productType = "com.apple.product-type.application";
		};
		5C16D5F2203ECABB00947940 /* DigiMeSDKExampleSwiftTests */ = {
			isa = PBXNativeTarget;
			buildConfigurationList = 5C16D60A203ECABB00947940 /* Build configuration list for PBXNativeTarget "DigiMeSDKExampleSwiftTests" */;
			buildPhases = (
				3F1D7023474F88A7B297F5E6 /* [CP] Check Pods Manifest.lock */,
				5C16D5EF203ECABB00947940 /* Sources */,
				5C16D5F0203ECABB00947940 /* Frameworks */,
				5C16D5F1203ECABB00947940 /* Resources */,
			);
			buildRules = (
			);
			dependencies = (
				5C16D5F5203ECABB00947940 /* PBXTargetDependency */,
			);
			name = DigiMeSDKExampleSwiftTests;
			productName = DigiMeSDKExampleSwiftTests;
			productReference = 5C16D5F3203ECABB00947940 /* DigiMeSDKExampleSwiftTests.xctest */;
			productType = "com.apple.product-type.bundle.unit-test";
		};
		5C16D5FD203ECABB00947940 /* DigiMeSDKExampleSwiftUITests */ = {
			isa = PBXNativeTarget;
			buildConfigurationList = 5C16D60D203ECABB00947940 /* Build configuration list for PBXNativeTarget "DigiMeSDKExampleSwiftUITests" */;
			buildPhases = (
				5C16D5FA203ECABB00947940 /* Sources */,
				5C16D5FB203ECABB00947940 /* Frameworks */,
				5C16D5FC203ECABB00947940 /* Resources */,
			);
			buildRules = (
			);
			dependencies = (
				5C16D600203ECABB00947940 /* PBXTargetDependency */,
			);
			name = DigiMeSDKExampleSwiftUITests;
			productName = DigiMeSDKExampleSwiftUITests;
			productReference = 5C16D5FE203ECABB00947940 /* DigiMeSDKExampleSwiftUITests.xctest */;
			productType = "com.apple.product-type.bundle.ui-testing";
		};
/* End PBXNativeTarget section */

/* Begin PBXProject section */
		5C16D5D7203ECABA00947940 /* Project object */ = {
			isa = PBXProject;
			attributes = {
				LastSwiftUpdateCheck = 0910;
				LastUpgradeCheck = 1010;
				ORGANIZATIONNAME = digi.me;
				TargetAttributes = {
					5C16D5DE203ECABA00947940 = {
						CreatedOnToolsVersion = 9.1;
						LastSwiftMigration = 1010;
						ProvisioningStyle = Automatic;
					};
					5C16D5F2203ECABB00947940 = {
						CreatedOnToolsVersion = 9.1;
						LastSwiftMigration = 1010;
						ProvisioningStyle = Automatic;
						TestTargetID = 5C16D5DE203ECABA00947940;
					};
					5C16D5FD203ECABB00947940 = {
						CreatedOnToolsVersion = 9.1;
						LastSwiftMigration = 1010;
						ProvisioningStyle = Automatic;
						TestTargetID = 5C16D5DE203ECABA00947940;
					};
				};
			};
			buildConfigurationList = 5C16D5DA203ECABA00947940 /* Build configuration list for PBXProject "DigiMeSDKExampleSwift" */;
			compatibilityVersion = "Xcode 8.0";
			developmentRegion = en;
			hasScannedForEncodings = 0;
			knownRegions = (
				en,
				Base,
			);
			mainGroup = 5C16D5D6203ECABA00947940;
			productRefGroup = 5C16D5E0203ECABA00947940 /* Products */;
			projectDirPath = "";
			projectRoot = "";
			targets = (
				5C16D5DE203ECABA00947940 /* DigiMeSDKExampleSwift */,
				5C16D5F2203ECABB00947940 /* DigiMeSDKExampleSwiftTests */,
				5C16D5FD203ECABB00947940 /* DigiMeSDKExampleSwiftUITests */,
			);
		};
/* End PBXProject section */

/* Begin PBXResourcesBuildPhase section */
		5C16D5DD203ECABA00947940 /* Resources */ = {
			isa = PBXResourcesBuildPhase;
			buildActionMask = 2147483647;
			files = (
				5C16D5ED203ECABA00947940 /* LaunchScreen.storyboard in Resources */,
				5C16D5EA203ECABA00947940 /* Assets.xcassets in Resources */,
				5C28158F22D8343D0052CCD7 /* POSTBOXMETADATA.json in Resources */,
				5C28159022D8343D0052CCD7 /* POSTBOXDATA.json in Resources */,
				5C16D5E8203ECABA00947940 /* Main.storyboard in Resources */,
				27BE504B22047F80004DC356 /* fJI8P5Z4cIhP3HawlXVvxWBrbyj5QkTF.p12 in Resources */,
			);
			runOnlyForDeploymentPostprocessing = 0;
		};
		5C16D5F1203ECABB00947940 /* Resources */ = {
			isa = PBXResourcesBuildPhase;
			buildActionMask = 2147483647;
			files = (
			);
			runOnlyForDeploymentPostprocessing = 0;
		};
		5C16D5FC203ECABB00947940 /* Resources */ = {
			isa = PBXResourcesBuildPhase;
			buildActionMask = 2147483647;
			files = (
			);
			runOnlyForDeploymentPostprocessing = 0;
		};
/* End PBXResourcesBuildPhase section */

/* Begin PBXShellScriptBuildPhase section */
		2DD692C3671D70B0AC0E743B /* [CP] Check Pods Manifest.lock */ = {
			isa = PBXShellScriptBuildPhase;
			buildActionMask = 2147483647;
			files = (
			);
			inputPaths = (
				"${PODS_PODFILE_DIR_PATH}/Podfile.lock",
				"${PODS_ROOT}/Manifest.lock",
			);
			name = "[CP] Check Pods Manifest.lock";
			outputPaths = (
				"$(DERIVED_FILE_DIR)/Pods-DigiMeSDKExampleSwift-checkManifestLockResult.txt",
			);
			runOnlyForDeploymentPostprocessing = 0;
			shellPath = /bin/sh;
			shellScript = "diff \"${PODS_PODFILE_DIR_PATH}/Podfile.lock\" \"${PODS_ROOT}/Manifest.lock\" > /dev/null\nif [ $? != 0 ] ; then\n    # print error to STDERR\n    echo \"error: The sandbox is not in sync with the Podfile.lock. Run 'pod install' or update your CocoaPods installation.\" >&2\n    exit 1\nfi\n# This output is used by Xcode 'outputs' to avoid re-running this script phase.\necho \"SUCCESS\" > \"${SCRIPT_OUTPUT_FILE_0}\"\n";
			showEnvVarsInLog = 0;
		};
		3F1D7023474F88A7B297F5E6 /* [CP] Check Pods Manifest.lock */ = {
			isa = PBXShellScriptBuildPhase;
			buildActionMask = 2147483647;
			files = (
			);
			inputPaths = (
				"${PODS_PODFILE_DIR_PATH}/Podfile.lock",
				"${PODS_ROOT}/Manifest.lock",
			);
			name = "[CP] Check Pods Manifest.lock";
			outputPaths = (
				"$(DERIVED_FILE_DIR)/Pods-DigiMeSDKExampleSwiftTests-checkManifestLockResult.txt",
			);
			runOnlyForDeploymentPostprocessing = 0;
			shellPath = /bin/sh;
			shellScript = "diff \"${PODS_PODFILE_DIR_PATH}/Podfile.lock\" \"${PODS_ROOT}/Manifest.lock\" > /dev/null\nif [ $? != 0 ] ; then\n    # print error to STDERR\n    echo \"error: The sandbox is not in sync with the Podfile.lock. Run 'pod install' or update your CocoaPods installation.\" >&2\n    exit 1\nfi\n# This output is used by Xcode 'outputs' to avoid re-running this script phase.\necho \"SUCCESS\" > \"${SCRIPT_OUTPUT_FILE_0}\"\n";
			showEnvVarsInLog = 0;
		};
		4C065984A587FA211B884093 /* [CP] Embed Pods Frameworks */ = {
			isa = PBXShellScriptBuildPhase;
			buildActionMask = 2147483647;
			files = (
			);
			inputPaths = (
				"${PODS_ROOT}/Target Support Files/Pods-DigiMeSDKExampleSwift/Pods-DigiMeSDKExampleSwift-frameworks.sh",
				"${BUILT_PRODUCTS_DIR}/Brotli/Brotli.framework",
				"${BUILT_PRODUCTS_DIR}/DigiMeSDK/DigiMeSDK.framework",
				"${BUILT_PRODUCTS_DIR}/GZIP/GZIP.framework",
			);
			name = "[CP] Embed Pods Frameworks";
			outputPaths = (
				"${TARGET_BUILD_DIR}/${FRAMEWORKS_FOLDER_PATH}/Brotli.framework",
				"${TARGET_BUILD_DIR}/${FRAMEWORKS_FOLDER_PATH}/DigiMeSDK.framework",
				"${TARGET_BUILD_DIR}/${FRAMEWORKS_FOLDER_PATH}/GZIP.framework",
			);
			runOnlyForDeploymentPostprocessing = 0;
			shellPath = /bin/sh;
			shellScript = "\"${PODS_ROOT}/Target Support Files/Pods-DigiMeSDKExampleSwift/Pods-DigiMeSDKExampleSwift-frameworks.sh\"\n";
			showEnvVarsInLog = 0;
		};
/* End PBXShellScriptBuildPhase section */

/* Begin PBXSourcesBuildPhase section */
		5C16D5DB203ECABA00947940 /* Sources */ = {
			isa = PBXSourcesBuildPhase;
			buildActionMask = 2147483647;
			files = (
				5C16D5E5203ECABA00947940 /* CAExampleViewController.swift in Sources */,
				5C28158822D608A50052CCD7 /* WelcomeViewController.swift in Sources */,
				5C16D5E3203ECABA00947940 /* AppDelegate.swift in Sources */,
				5C16D615203ED12800947940 /* LogViewController.swift in Sources */,
				5C28158A22D610390052CCD7 /* PostboxExampleViewController.swift in Sources */,
				5C28158C22D833A00052CCD7 /* Constants.swift in Sources */,
			);
			runOnlyForDeploymentPostprocessing = 0;
		};
		5C16D5EF203ECABB00947940 /* Sources */ = {
			isa = PBXSourcesBuildPhase;
			buildActionMask = 2147483647;
			files = (
				5C16D5F8203ECABB00947940 /* DigiMeSDKExampleSwiftTests.swift in Sources */,
			);
			runOnlyForDeploymentPostprocessing = 0;
		};
		5C16D5FA203ECABB00947940 /* Sources */ = {
			isa = PBXSourcesBuildPhase;
			buildActionMask = 2147483647;
			files = (
				5C16D603203ECABB00947940 /* DigiMeSDKExampleSwiftUITests.swift in Sources */,
			);
			runOnlyForDeploymentPostprocessing = 0;
		};
/* End PBXSourcesBuildPhase section */

/* Begin PBXTargetDependency section */
		5C16D5F5203ECABB00947940 /* PBXTargetDependency */ = {
			isa = PBXTargetDependency;
			target = 5C16D5DE203ECABA00947940 /* DigiMeSDKExampleSwift */;
			targetProxy = 5C16D5F4203ECABB00947940 /* PBXContainerItemProxy */;
		};
		5C16D600203ECABB00947940 /* PBXTargetDependency */ = {
			isa = PBXTargetDependency;
			target = 5C16D5DE203ECABA00947940 /* DigiMeSDKExampleSwift */;
			targetProxy = 5C16D5FF203ECABB00947940 /* PBXContainerItemProxy */;
		};
/* End PBXTargetDependency section */

/* Begin PBXVariantGroup section */
		5C16D5E6203ECABA00947940 /* Main.storyboard */ = {
			isa = PBXVariantGroup;
			children = (
				5C16D5E7203ECABA00947940 /* Base */,
			);
			name = Main.storyboard;
			sourceTree = "<group>";
		};
		5C16D5EB203ECABA00947940 /* LaunchScreen.storyboard */ = {
			isa = PBXVariantGroup;
			children = (
				5C16D5EC203ECABA00947940 /* Base */,
			);
			name = LaunchScreen.storyboard;
			sourceTree = "<group>";
		};
/* End PBXVariantGroup section */

/* Begin XCBuildConfiguration section */
		5C16D605203ECABB00947940 /* Debug */ = {
			isa = XCBuildConfiguration;
			buildSettings = {
				ALWAYS_SEARCH_USER_PATHS = NO;
				CLANG_ANALYZER_NONNULL = YES;
				CLANG_ANALYZER_NUMBER_OBJECT_CONVERSION = YES_AGGRESSIVE;
				CLANG_CXX_LANGUAGE_STANDARD = "gnu++14";
				CLANG_CXX_LIBRARY = "libc++";
				CLANG_ENABLE_MODULES = YES;
				CLANG_ENABLE_OBJC_ARC = YES;
				CLANG_WARN_BLOCK_CAPTURE_AUTORELEASING = YES;
				CLANG_WARN_BOOL_CONVERSION = YES;
				CLANG_WARN_COMMA = YES;
				CLANG_WARN_CONSTANT_CONVERSION = YES;
				CLANG_WARN_DEPRECATED_OBJC_IMPLEMENTATIONS = YES;
				CLANG_WARN_DIRECT_OBJC_ISA_USAGE = YES_ERROR;
				CLANG_WARN_DOCUMENTATION_COMMENTS = YES;
				CLANG_WARN_EMPTY_BODY = YES;
				CLANG_WARN_ENUM_CONVERSION = YES;
				CLANG_WARN_INFINITE_RECURSION = YES;
				CLANG_WARN_INT_CONVERSION = YES;
				CLANG_WARN_NON_LITERAL_NULL_CONVERSION = YES;
				CLANG_WARN_OBJC_IMPLICIT_RETAIN_SELF = YES;
				CLANG_WARN_OBJC_LITERAL_CONVERSION = YES;
				CLANG_WARN_OBJC_ROOT_CLASS = YES_ERROR;
				CLANG_WARN_RANGE_LOOP_ANALYSIS = YES;
				CLANG_WARN_STRICT_PROTOTYPES = YES;
				CLANG_WARN_SUSPICIOUS_MOVE = YES;
				CLANG_WARN_UNGUARDED_AVAILABILITY = YES_AGGRESSIVE;
				CLANG_WARN_UNREACHABLE_CODE = YES;
				CLANG_WARN__DUPLICATE_METHOD_MATCH = YES;
				CODE_SIGN_IDENTITY = "iPhone Developer";
				COPY_PHASE_STRIP = NO;
				DEBUG_INFORMATION_FORMAT = dwarf;
				ENABLE_STRICT_OBJC_MSGSEND = YES;
				ENABLE_TESTABILITY = YES;
				GCC_C_LANGUAGE_STANDARD = gnu11;
				GCC_DYNAMIC_NO_PIC = NO;
				GCC_NO_COMMON_BLOCKS = YES;
				GCC_OPTIMIZATION_LEVEL = 0;
				GCC_PREPROCESSOR_DEFINITIONS = (
					"DEBUG=1",
					"$(inherited)",
				);
				GCC_WARN_64_TO_32_BIT_CONVERSION = YES;
				GCC_WARN_ABOUT_RETURN_TYPE = YES_ERROR;
				GCC_WARN_UNDECLARED_SELECTOR = YES;
				GCC_WARN_UNINITIALIZED_AUTOS = YES_AGGRESSIVE;
				GCC_WARN_UNUSED_FUNCTION = YES;
				GCC_WARN_UNUSED_VARIABLE = YES;
				IPHONEOS_DEPLOYMENT_TARGET = 11.1;
				MTL_ENABLE_DEBUG_INFO = YES;
				ONLY_ACTIVE_ARCH = YES;
				SDKROOT = iphoneos;
				SWIFT_ACTIVE_COMPILATION_CONDITIONS = DEBUG;
				SWIFT_OPTIMIZATION_LEVEL = "-Onone";
			};
			name = Debug;
		};
		5C16D606203ECABB00947940 /* Release */ = {
			isa = XCBuildConfiguration;
			buildSettings = {
				ALWAYS_SEARCH_USER_PATHS = NO;
				CLANG_ANALYZER_NONNULL = YES;
				CLANG_ANALYZER_NUMBER_OBJECT_CONVERSION = YES_AGGRESSIVE;
				CLANG_CXX_LANGUAGE_STANDARD = "gnu++14";
				CLANG_CXX_LIBRARY = "libc++";
				CLANG_ENABLE_MODULES = YES;
				CLANG_ENABLE_OBJC_ARC = YES;
				CLANG_WARN_BLOCK_CAPTURE_AUTORELEASING = YES;
				CLANG_WARN_BOOL_CONVERSION = YES;
				CLANG_WARN_COMMA = YES;
				CLANG_WARN_CONSTANT_CONVERSION = YES;
				CLANG_WARN_DEPRECATED_OBJC_IMPLEMENTATIONS = YES;
				CLANG_WARN_DIRECT_OBJC_ISA_USAGE = YES_ERROR;
				CLANG_WARN_DOCUMENTATION_COMMENTS = YES;
				CLANG_WARN_EMPTY_BODY = YES;
				CLANG_WARN_ENUM_CONVERSION = YES;
				CLANG_WARN_INFINITE_RECURSION = YES;
				CLANG_WARN_INT_CONVERSION = YES;
				CLANG_WARN_NON_LITERAL_NULL_CONVERSION = YES;
				CLANG_WARN_OBJC_IMPLICIT_RETAIN_SELF = YES;
				CLANG_WARN_OBJC_LITERAL_CONVERSION = YES;
				CLANG_WARN_OBJC_ROOT_CLASS = YES_ERROR;
				CLANG_WARN_RANGE_LOOP_ANALYSIS = YES;
				CLANG_WARN_STRICT_PROTOTYPES = YES;
				CLANG_WARN_SUSPICIOUS_MOVE = YES;
				CLANG_WARN_UNGUARDED_AVAILABILITY = YES_AGGRESSIVE;
				CLANG_WARN_UNREACHABLE_CODE = YES;
				CLANG_WARN__DUPLICATE_METHOD_MATCH = YES;
				CODE_SIGN_IDENTITY = "iPhone Developer";
				COPY_PHASE_STRIP = NO;
				DEBUG_INFORMATION_FORMAT = "dwarf-with-dsym";
				ENABLE_NS_ASSERTIONS = NO;
				ENABLE_STRICT_OBJC_MSGSEND = YES;
				GCC_C_LANGUAGE_STANDARD = gnu11;
				GCC_NO_COMMON_BLOCKS = YES;
				GCC_WARN_64_TO_32_BIT_CONVERSION = YES;
				GCC_WARN_ABOUT_RETURN_TYPE = YES_ERROR;
				GCC_WARN_UNDECLARED_SELECTOR = YES;
				GCC_WARN_UNINITIALIZED_AUTOS = YES_AGGRESSIVE;
				GCC_WARN_UNUSED_FUNCTION = YES;
				GCC_WARN_UNUSED_VARIABLE = YES;
				IPHONEOS_DEPLOYMENT_TARGET = 11.1;
				MTL_ENABLE_DEBUG_INFO = NO;
				SDKROOT = iphoneos;
				SWIFT_OPTIMIZATION_LEVEL = "-Owholemodule";
				VALIDATE_PRODUCT = YES;
			};
			name = Release;
		};
		5C16D608203ECABB00947940 /* Debug */ = {
			isa = XCBuildConfiguration;
			baseConfigurationReference = 8928BE62EE9768E3D28D9792 /* Pods-DigiMeSDKExampleSwift.debug.xcconfig */;
			buildSettings = {
				ASSETCATALOG_COMPILER_APPICON_NAME = AppIcon;
				CODE_SIGN_STYLE = Automatic;
				DEVELOPMENT_TEAM = 5LDPS9F284;
				INFOPLIST_FILE = DigiMeSDKExampleSwift/Info.plist;
				LD_RUNPATH_SEARCH_PATHS = "$(inherited) @executable_path/Frameworks";
				PRODUCT_BUNDLE_IDENTIFIER = org.cocapods.demo.DigiMeSDKExampleSwift;
				PRODUCT_NAME = "$(TARGET_NAME)";
				SWIFT_VERSION = 4.2;
				TARGETED_DEVICE_FAMILY = "1,2";
			};
			name = Debug;
		};
		5C16D609203ECABB00947940 /* Release */ = {
			isa = XCBuildConfiguration;
			baseConfigurationReference = 668D338B86DA53F264E092D9 /* Pods-DigiMeSDKExampleSwift.release.xcconfig */;
			buildSettings = {
				ASSETCATALOG_COMPILER_APPICON_NAME = AppIcon;
				CODE_SIGN_STYLE = Automatic;
				DEVELOPMENT_TEAM = 5LDPS9F284;
				INFOPLIST_FILE = DigiMeSDKExampleSwift/Info.plist;
				LD_RUNPATH_SEARCH_PATHS = "$(inherited) @executable_path/Frameworks";
				PRODUCT_BUNDLE_IDENTIFIER = org.cocapods.demo.DigiMeSDKExampleSwift;
				PRODUCT_NAME = "$(TARGET_NAME)";
				SWIFT_VERSION = 4.2;
				TARGETED_DEVICE_FAMILY = "1,2";
			};
			name = Release;
		};
		5C16D60B203ECABB00947940 /* Debug */ = {
			isa = XCBuildConfiguration;
			baseConfigurationReference = E4E3BA34E05D5725A7D1F547 /* Pods-DigiMeSDKExampleSwiftTests.debug.xcconfig */;
			buildSettings = {
				ALWAYS_EMBED_SWIFT_STANDARD_LIBRARIES = YES;
				BUNDLE_LOADER = "$(TEST_HOST)";
				CODE_SIGN_STYLE = Automatic;
				DEVELOPMENT_TEAM = 5LDPS9F284;
				INFOPLIST_FILE = DigiMeSDKExampleSwiftTests/Info.plist;
				LD_RUNPATH_SEARCH_PATHS = "$(inherited) @executable_path/Frameworks @loader_path/Frameworks";
				PRODUCT_BUNDLE_IDENTIFIER = org.cocapods.demo.DigiMeSDKExampleSwiftTests;
				PRODUCT_NAME = "$(TARGET_NAME)";
				SWIFT_VERSION = 4.2;
				TARGETED_DEVICE_FAMILY = "1,2";
				TEST_HOST = "$(BUILT_PRODUCTS_DIR)/DigiMeSDKExampleSwift.app/DigiMeSDKExampleSwift";
			};
			name = Debug;
		};
		5C16D60C203ECABB00947940 /* Release */ = {
			isa = XCBuildConfiguration;
			baseConfigurationReference = D142458B4A7E0C5DB64DB971 /* Pods-DigiMeSDKExampleSwiftTests.release.xcconfig */;
			buildSettings = {
				ALWAYS_EMBED_SWIFT_STANDARD_LIBRARIES = YES;
				BUNDLE_LOADER = "$(TEST_HOST)";
				CODE_SIGN_STYLE = Automatic;
				DEVELOPMENT_TEAM = 5LDPS9F284;
				INFOPLIST_FILE = DigiMeSDKExampleSwiftTests/Info.plist;
				LD_RUNPATH_SEARCH_PATHS = "$(inherited) @executable_path/Frameworks @loader_path/Frameworks";
				PRODUCT_BUNDLE_IDENTIFIER = org.cocapods.demo.DigiMeSDKExampleSwiftTests;
				PRODUCT_NAME = "$(TARGET_NAME)";
				SWIFT_VERSION = 4.2;
				TARGETED_DEVICE_FAMILY = "1,2";
				TEST_HOST = "$(BUILT_PRODUCTS_DIR)/DigiMeSDKExampleSwift.app/DigiMeSDKExampleSwift";
			};
			name = Release;
		};
		5C16D60E203ECABB00947940 /* Debug */ = {
			isa = XCBuildConfiguration;
			buildSettings = {
				ALWAYS_EMBED_SWIFT_STANDARD_LIBRARIES = YES;
				CODE_SIGN_STYLE = Automatic;
				DEVELOPMENT_TEAM = 5LDPS9F284;
				INFOPLIST_FILE = DigiMeSDKExampleSwiftUITests/Info.plist;
				LD_RUNPATH_SEARCH_PATHS = "$(inherited) @executable_path/Frameworks @loader_path/Frameworks";
				PRODUCT_BUNDLE_IDENTIFIER = org.cocapods.demo.DigiMeSDKExampleSwiftUITests;
				PRODUCT_NAME = "$(TARGET_NAME)";
				SWIFT_VERSION = 4.2;
				TARGETED_DEVICE_FAMILY = "1,2";
				TEST_TARGET_NAME = DigiMeSDKExampleSwift;
			};
			name = Debug;
		};
		5C16D60F203ECABB00947940 /* Release */ = {
			isa = XCBuildConfiguration;
			buildSettings = {
				ALWAYS_EMBED_SWIFT_STANDARD_LIBRARIES = YES;
				CODE_SIGN_STYLE = Automatic;
				DEVELOPMENT_TEAM = 5LDPS9F284;
				INFOPLIST_FILE = DigiMeSDKExampleSwiftUITests/Info.plist;
				LD_RUNPATH_SEARCH_PATHS = "$(inherited) @executable_path/Frameworks @loader_path/Frameworks";
				PRODUCT_BUNDLE_IDENTIFIER = org.cocapods.demo.DigiMeSDKExampleSwiftUITests;
				PRODUCT_NAME = "$(TARGET_NAME)";
				SWIFT_VERSION = 4.2;
				TARGETED_DEVICE_FAMILY = "1,2";
				TEST_TARGET_NAME = DigiMeSDKExampleSwift;
			};
			name = Release;
		};
/* End XCBuildConfiguration section */

/* Begin XCConfigurationList section */
		5C16D5DA203ECABA00947940 /* Build configuration list for PBXProject "DigiMeSDKExampleSwift" */ = {
			isa = XCConfigurationList;
			buildConfigurations = (
				5C16D605203ECABB00947940 /* Debug */,
				5C16D606203ECABB00947940 /* Release */,
			);
			defaultConfigurationIsVisible = 0;
			defaultConfigurationName = Release;
		};
		5C16D607203ECABB00947940 /* Build configuration list for PBXNativeTarget "DigiMeSDKExampleSwift" */ = {
			isa = XCConfigurationList;
			buildConfigurations = (
				5C16D608203ECABB00947940 /* Debug */,
				5C16D609203ECABB00947940 /* Release */,
			);
			defaultConfigurationIsVisible = 0;
			defaultConfigurationName = Release;
		};
		5C16D60A203ECABB00947940 /* Build configuration list for PBXNativeTarget "DigiMeSDKExampleSwiftTests" */ = {
			isa = XCConfigurationList;
			buildConfigurations = (
				5C16D60B203ECABB00947940 /* Debug */,
				5C16D60C203ECABB00947940 /* Release */,
			);
			defaultConfigurationIsVisible = 0;
			defaultConfigurationName = Release;
		};
		5C16D60D203ECABB00947940 /* Build configuration list for PBXNativeTarget "DigiMeSDKExampleSwiftUITests" */ = {
			isa = XCConfigurationList;
			buildConfigurations = (
				5C16D60E203ECABB00947940 /* Debug */,
				5C16D60F203ECABB00947940 /* Release */,
			);
			defaultConfigurationIsVisible = 0;
			defaultConfigurationName = Release;
		};
/* End XCConfigurationList section */
	};
	rootObject = 5C16D5D7203ECABA00947940 /* Project object */;
}
