// !$*UTF8*$!
{
	archiveVersion = 1;
	classes = {
	};
	objectVersion = 60;
	objects = {

/* Begin PBXBuildFile section */
		1E0225D52980675600892CE8 /* DatePickerWithButtons.swift in Sources */ = {isa = PBXBuildFile; fileRef = 1E0225D42980675600892CE8 /* DatePickerWithButtons.swift */; };
		1E02269829817C2C00892CE8 /* AppleHealthSummaryView.swift in Sources */ = {isa = PBXBuildFile; fileRef = 1E02269729817C2C00892CE8 /* AppleHealthSummaryView.swift */; };
		1E0226AF29828BAF00892CE8 /* Binding+Helper.swift in Sources */ = {isa = PBXBuildFile; fileRef = 1E0226AE29828BAF00892CE8 /* Binding+Helper.swift */; };
		1E02535729A94B4200702D90 /* SourceImage.swift in Sources */ = {isa = PBXBuildFile; fileRef = 1E02535629A94B4200702D90 /* SourceImage.swift */; };
		1E02535929AA883800702D90 /* CustomDisclosureView.swift in Sources */ = {isa = PBXBuildFile; fileRef = 1E02535829AA883800702D90 /* CustomDisclosureView.swift */; };
		1E06B22B29A4E11A00809D13 /* ServicesView.swift in Sources */ = {isa = PBXBuildFile; fileRef = 1E06B22A29A4E11A00809D13 /* ServicesView.swift */; };
		1E07621529A0C41800CED8E9 /* Date+Helper.swift in Sources */ = {isa = PBXBuildFile; fileRef = 1E07621429A0C41800CED8E9 /* Date+Helper.swift */; };
		1E0E1320298BE0BB00F1A813 /* AppleHealthChartViewModel.swift in Sources */ = {isa = PBXBuildFile; fileRef = 1E0E131F298BE0BB00F1A813 /* AppleHealthChartViewModel.swift */; };
		1E0E1326298C134100F1A813 /* AppleHealthBarChartView.swift in Sources */ = {isa = PBXBuildFile; fileRef = 1E0E1325298C134100F1A813 /* AppleHealthBarChartView.swift */; };
		1E0E79EA2AFA99710015A89C /* ServicePickerView.swift in Sources */ = {isa = PBXBuildFile; fileRef = 1E0E79E92AFA99710015A89C /* ServicePickerView.swift */; };
		1E1DC11829ABA19700B827E3 /* DigiMeSDKExampleApp.swift in Sources */ = {isa = PBXBuildFile; fileRef = 1E1DC11729ABA19700B827E3 /* DigiMeSDKExampleApp.swift */; };
		1E1DC11A29ABA61900B827E3 /* ChartSeries.swift in Sources */ = {isa = PBXBuildFile; fileRef = 1E1DC11929ABA61900B827E3 /* ChartSeries.swift */; };
		1E1DC11C29ABA6B300B827E3 /* ServiceSection.swift in Sources */ = {isa = PBXBuildFile; fileRef = 1E1DC11B29ABA6B300B827E3 /* ServiceSection.swift */; };
		1E1DC11E29ABA6E700B827E3 /* GroupObjectType.swift in Sources */ = {isa = PBXBuildFile; fileRef = 1E1DC11D29ABA6E700B827E3 /* GroupObjectType.swift */; };
		1E29EC152AE558D70016B8D5 /* discovery.json in Resources */ = {isa = PBXBuildFile; fileRef = 1E29EC142AE558D70016B8D5 /* discovery.json */; };
		1E2A1B5A2B8B269100B1E1E4 /* ImageDownloader.swift in Sources */ = {isa = PBXBuildFile; fileRef = 1E2A1B592B8B269100B1E1E4 /* ImageDownloader.swift */; };
		1E32B96729A4E3590013B1C1 /* ServicesViewModel.swift in Sources */ = {isa = PBXBuildFile; fileRef = 1E32B96629A4E3590013B1C1 /* ServicesViewModel.swift */; };
		1E34233D2B1C8F81007D41CE /* DigiMeSDKExample.docc in Sources */ = {isa = PBXBuildFile; fileRef = 1E34233C2B1C8F81007D41CE /* DigiMeSDKExample.docc */; };
		1E3653B42A1D23D000F0FFA5 /* PDFKitView.swift in Sources */ = {isa = PBXBuildFile; fileRef = 1E3653B32A1D23D000F0FFA5 /* PDFKitView.swift */; };
		1E47A0E5298D25EF0081A2C5 /* ActivityIndicator.swift in Sources */ = {isa = PBXBuildFile; fileRef = 1E47A0E4298D25EF0081A2C5 /* ActivityIndicator.swift */; };
		1E47A0E9298D420E0081A2C5 /* ChartTimeRangePicker.swift in Sources */ = {isa = PBXBuildFile; fileRef = 1E47A0E8298D420E0081A2C5 /* ChartTimeRangePicker.swift */; };
		1E47A0EB298FCE060081A2C5 /* TestDataSet.swift in Sources */ = {isa = PBXBuildFile; fileRef = 1E47A0EA298FCE060081A2C5 /* TestDataSet.swift */; };
		1E47A0ED298FE5D40081A2C5 /* MonthlyActivityChart.swift in Sources */ = {isa = PBXBuildFile; fileRef = 1E47A0EC298FE5D40081A2C5 /* MonthlyActivityChart.swift */; };
		1E47A0EF298FE6A60081A2C5 /* DailyActivityChart.swift in Sources */ = {isa = PBXBuildFile; fileRef = 1E47A0EE298FE6A60081A2C5 /* DailyActivityChart.swift */; };
		1E47A0F1298FEC0D0081A2C5 /* AppleHealthLineChartView.swift in Sources */ = {isa = PBXBuildFile; fileRef = 1E47A0F0298FEC0D0081A2C5 /* AppleHealthLineChartView.swift */; };
		1E47A0F3299176100081A2C5 /* Square.swift in Sources */ = {isa = PBXBuildFile; fileRef = 1E47A0F2299176100081A2C5 /* Square.swift */; };
		1E4901E227D9112200F13D29 /* Logger.swift in Sources */ = {isa = PBXBuildFile; fileRef = 1E4901E127D9112200F13D29 /* Logger.swift */; };
		1E4901F027D9114B00F13D29 /* AppInfo.swift in Sources */ = {isa = PBXBuildFile; fileRef = 1E4901ED27D9114B00F13D29 /* AppInfo.swift */; };
		1E4901F127D9114B00F13D29 /* Contracts.swift in Sources */ = {isa = PBXBuildFile; fileRef = 1E4901EE27D9114B00F13D29 /* Contracts.swift */; };
		1E4901F227D9114B00F13D29 /* DigimeContract.swift in Sources */ = {isa = PBXBuildFile; fileRef = 1E4901EF27D9114B00F13D29 /* DigimeContract.swift */; };
		1E49021027D9155000F13D29 /* HealthDataTypeValue.swift in Sources */ = {isa = PBXBuildFile; fileRef = 1E49020E27D9155000F13D29 /* HealthDataTypeValue.swift */; };
		1E49021127D9155000F13D29 /* ServerResponse.swift in Sources */ = {isa = PBXBuildFile; fileRef = 1E49020F27D9155000F13D29 /* ServerResponse.swift */; };
		1E4C939B297EF4D300195E58 /* ScopeAddView.swift in Sources */ = {isa = PBXBuildFile; fileRef = 1E4C939A297EF4D200195E58 /* ScopeAddView.swift */; };
		1E56030729A3759A007AC2FF /* LogDetailsView.swift in Sources */ = {isa = PBXBuildFile; fileRef = 1E56030629A3759A007AC2FF /* LogDetailsView.swift */; };
		1E61E83E2A0BB6B300EDD3D7 /* ScopeTimeRangeTemplatesRow.swift in Sources */ = {isa = PBXBuildFile; fileRef = 1E61E83D2A0BB6B300EDD3D7 /* ScopeTimeRangeTemplatesRow.swift */; };
		1E61E88F2A0D0E9C00EDD3D7 /* ScopeDateButton.swift in Sources */ = {isa = PBXBuildFile; fileRef = 1E61E88E2A0D0E9C00EDD3D7 /* ScopeDateButton.swift */; };
		1E61E8912A0D0F2A00EDD3D7 /* ScopeServiceObjectTypesRow.swift in Sources */ = {isa = PBXBuildFile; fileRef = 1E61E8902A0D0F2A00EDD3D7 /* ScopeServiceObjectTypesRow.swift */; };
		1E61E8932A0D10DF00EDD3D7 /* ScopeEditView.swift in Sources */ = {isa = PBXBuildFile; fileRef = 1E61E8922A0D10DF00EDD3D7 /* ScopeEditView.swift */; };
		1E6E717D2861AA1000E7954E /* UserPreferences.swift in Sources */ = {isa = PBXBuildFile; fileRef = 1E6E717C2861AA1000E7954E /* UserPreferences.swift */; };
		1E6E71B22862FE8600E7954E /* ChartStatementView.swift in Sources */ = {isa = PBXBuildFile; fileRef = 1E6E71B12862FE8600E7954E /* ChartStatementView.swift */; };
		1E7B414E29A3925D00F7B5B4 /* JSONTreeView.swift in Sources */ = {isa = PBXBuildFile; fileRef = 1E7B414B29A3925C00F7B5B4 /* JSONTreeView.swift */; };
		1E7B415029A3925D00F7B5B4 /* JSONCell.swift in Sources */ = {isa = PBXBuildFile; fileRef = 1E7B414D29A3925D00F7B5B4 /* JSONCell.swift */; };
		1E811D8C299E5C4500EC80B0 /* WriteDataView.swift in Sources */ = {isa = PBXBuildFile; fileRef = 1E811D8B299E5C4500EC80B0 /* WriteDataView.swift */; };
		1E811D8F299F860200EC80B0 /* SplitView.swift in Sources */ = {isa = PBXBuildFile; fileRef = 1E811D8E299F860200EC80B0 /* SplitView.swift */; };
		1E811D91299F912900EC80B0 /* LogOutputView.swift in Sources */ = {isa = PBXBuildFile; fileRef = 1E811D90299F912900EC80B0 /* LogOutputView.swift */; };
		1E811D93299FD15800EC80B0 /* Modifiers.swift in Sources */ = {isa = PBXBuildFile; fileRef = 1E811D92299FD15800EC80B0 /* Modifiers.swift */; };
		1E811D95299FEECC00EC80B0 /* WriteDataViewModel.swift in Sources */ = {isa = PBXBuildFile; fileRef = 1E811D94299FEECC00EC80B0 /* WriteDataViewModel.swift */; };
		1E811D9929A017E700EC80B0 /* LineChartView.swift in Sources */ = {isa = PBXBuildFile; fileRef = 1E811D9829A017E700EC80B0 /* LineChartView.swift */; };
		1E811D9C29A0233F00EC80B0 /* LogEntry.swift in Sources */ = {isa = PBXBuildFile; fileRef = 1E811D9B29A0233F00EC80B0 /* LogEntry.swift */; };
		1E864C2029BA5631005BA921 /* LinkedAccount.swift in Sources */ = {isa = PBXBuildFile; fileRef = 1E864C1F29BA5631005BA921 /* LinkedAccount.swift */; };
		1E87223929A5633E00418DE1 /* ContractDetailsView.swift in Sources */ = {isa = PBXBuildFile; fileRef = 1E87223829A5633E00418DE1 /* ContractDetailsView.swift */; };
		1E8B62A12A0D6C2B00FC0FC6 /* ScopeObjectTypesGridView.swift in Sources */ = {isa = PBXBuildFile; fileRef = 1E8B62A02A0D6C2B00FC0FC6 /* ScopeObjectTypesGridView.swift */; };
		1EA4CFEC2A0280F100A2493A /* TimeRangeTemplate.swift in Sources */ = {isa = PBXBuildFile; fileRef = 1EA4CFEB2A0280F100A2493A /* TimeRangeTemplate.swift */; };
		1EA4CFEE2A0281B300A2493A /* ScopeViewModel.swift in Sources */ = {isa = PBXBuildFile; fileRef = 1EA4CFED2A0281B300A2493A /* ScopeViewModel.swift */; };
		1EA4CFF02A04CAD900A2493A /* ScopeObjectTypeIconView.swift in Sources */ = {isa = PBXBuildFile; fileRef = 1EA4CFEF2A04CAD900A2493A /* ScopeObjectTypeIconView.swift */; };
		1EA52CA029850F5A00A61213 /* AppleHealthSummaryViewModel.swift in Sources */ = {isa = PBXBuildFile; fileRef = 1EA52C9F29850F5A00A61213 /* AppleHealthSummaryViewModel.swift */; };
		1EA52DAF2987A42E00A61213 /* HomeView.swift in Sources */ = {isa = PBXBuildFile; fileRef = 1EA52DAE2987A42E00A61213 /* HomeView.swift */; };
		1EA5A1A929A3DD8100A9DB5A /* HighlightedTextView.swift in Sources */ = {isa = PBXBuildFile; fileRef = 1EA5A1A829A3DD8100A9DB5A /* HighlightedTextView.swift */; };
		1EA7BEEF2B24C1F9006C3536 /* DiscoveryResource+Helper.swift in Sources */ = {isa = PBXBuildFile; fileRef = 1EA7BEEE2B24C1F9006C3536 /* DiscoveryResource+Helper.swift */; };
		1EA86AA52B0554880030CB91 /* SectionView.swift in Sources */ = {isa = PBXBuildFile; fileRef = 1EA86AA42B0554880030CB91 /* SectionView.swift */; };
		1EA86AA72B055D990030CB91 /* GenericPressableButtonView.swift in Sources */ = {isa = PBXBuildFile; fileRef = 1EA86AA62B055D990030CB91 /* GenericPressableButtonView.swift */; };
		1EA86AA92B0668F40030CB91 /* StyledPressableButtonView.swift in Sources */ = {isa = PBXBuildFile; fileRef = 1EA86AA82B0668F40030CB91 /* StyledPressableButtonView.swift */; };
		1EB7902C2B46DB86001D0811 /* DigiMeSDK in Frameworks */ = {isa = PBXBuildFile; productRef = 1EB7902B2B46DB86001D0811 /* DigiMeSDK */; };
		1EB790312B46DBB9001D0811 /* DigiMeCore in Frameworks */ = {isa = PBXBuildFile; productRef = 1EB790302B46DBB9001D0811 /* DigiMeCore */; };
		1EB790342B46DBDA001D0811 /* DigiMeHealthKit in Frameworks */ = {isa = PBXBuildFile; productRef = 1EB790332B46DBDA001D0811 /* DigiMeHealthKit */; };
		1EB790372B46DBE7001D0811 /* DigiMeSDK in Frameworks */ = {isa = PBXBuildFile; productRef = 1EB790362B46DBE7001D0811 /* DigiMeSDK */; };
		1EBABAF128FC36C600C96C01 /* DistanceFormatter.swift in Sources */ = {isa = PBXBuildFile; fileRef = 1EBABAF028FC36C600C96C01 /* DistanceFormatter.swift */; };
		1EBABAF328FC36EF00C96C01 /* Locale+Helper.swift in Sources */ = {isa = PBXBuildFile; fileRef = 1EBABAF228FC36EF00C96C01 /* Locale+Helper.swift */; };
		1EBABAF528FC39D300C96C01 /* CaloriesFormatter.swift in Sources */ = {isa = PBXBuildFile; fileRef = 1EBABAF428FC39D300C96C01 /* CaloriesFormatter.swift */; };
		1ED268462B09683500588855 /* InfoMessageView.swift in Sources */ = {isa = PBXBuildFile; fileRef = 1ED268452B09683500588855 /* InfoMessageView.swift */; };
		1ED268482B0A6D2800588855 /* CustomNavigationLinkView.swift in Sources */ = {isa = PBXBuildFile; fileRef = 1ED268472B0A6D2800588855 /* CustomNavigationLinkView.swift */; };
		1ED4CA2729D3783400C9874B /* ReportDateManagerView.swift in Sources */ = {isa = PBXBuildFile; fileRef = 1ED4CA2629D3783400C9874B /* ReportDateManagerView.swift */; };
		1ED4CA2F29D4356C00C9874B /* BlurView.swift in Sources */ = {isa = PBXBuildFile; fileRef = 1ED4CA2E29D4356C00C9874B /* BlurView.swift */; };
		1EDA770D2AFD294E002EE2B9 /* CustomActionSheetViewModifier.swift in Sources */ = {isa = PBXBuildFile; fileRef = 1EDA770C2AFD294E002EE2B9 /* CustomActionSheetViewModifier.swift */; };
		1EDF307B2B8711160012275E /* SVGView.swift in Sources */ = {isa = PBXBuildFile; fileRef = 1EDF307A2B8711160012275E /* SVGView.swift */; };
		1EE0FA3F29D04B900084F5ED /* ShareSheetView.swift in Sources */ = {isa = PBXBuildFile; fileRef = 1EE0FA3E29D04B900084F5ED /* ShareSheetView.swift */; };
		1EE6FAF22A13F7A900796505 /* ScopeLimitsDetailsView.swift in Sources */ = {isa = PBXBuildFile; fileRef = 1EE6FAF12A13F7A900796505 /* ScopeLimitsDetailsView.swift */; };
		1EED5A2E29BF9C3600B3F544 /* ActionView.swift in Sources */ = {isa = PBXBuildFile; fileRef = 1EED5A2D29BF9C3600B3F544 /* ActionView.swift */; };
		1EEE0EC629BE5267004FA4D0 /* BallScaleRippleMultiple.swift in Sources */ = {isa = PBXBuildFile; fileRef = 1EEE0EC529BE5267004FA4D0 /* BallScaleRippleMultiple.swift */; };
		1EEE0EC829BE54A1004FA4D0 /* KeyframeAnimation.swift in Sources */ = {isa = PBXBuildFile; fileRef = 1EEE0EC729BE54A1004FA4D0 /* KeyframeAnimation.swift */; };
		1EEE0ECA29BE5503004FA4D0 /* Ring.swift in Sources */ = {isa = PBXBuildFile; fileRef = 1EEE0EC929BE5503004FA4D0 /* Ring.swift */; };
		1EF62B072AFE45CD00AAE3FB /* CustomActionSheetView.swift in Sources */ = {isa = PBXBuildFile; fileRef = 1EF62B062AFE45CD00AAE3FB /* CustomActionSheetView.swift */; };
		1EF7280F2B5AAC1A00E4CD83 /* CustomActionPickerViewModifier.swift in Sources */ = {isa = PBXBuildFile; fileRef = 1EF7280E2B5AAC1A00E4CD83 /* CustomActionPickerViewModifier.swift */; };
		1EF728112B5C1FEF00E4CD83 /* CustomActionSheetButton.swift in Sources */ = {isa = PBXBuildFile; fileRef = 1EF728102B5C1FEF00E4CD83 /* CustomActionSheetButton.swift */; };
		1EF728132B5C341900E4CD83 /* CustomActionPickerViewButtonData.swift in Sources */ = {isa = PBXBuildFile; fileRef = 1EF728122B5C341900E4CD83 /* CustomActionPickerViewButtonData.swift */; };
		27D31A24266A4EAB00DB2524 /* AppDelegate.swift in Sources */ = {isa = PBXBuildFile; fileRef = 27D31A23266A4EAB00DB2524 /* AppDelegate.swift */; };
		27D31A26266A4EAB00DB2524 /* SceneDelegate.swift in Sources */ = {isa = PBXBuildFile; fileRef = 27D31A25266A4EAB00DB2524 /* SceneDelegate.swift */; };
		27D31A2D266A4EAD00DB2524 /* Assets.xcassets in Resources */ = {isa = PBXBuildFile; fileRef = 27D31A2C266A4EAD00DB2524 /* Assets.xcassets */; };
		27D31A30266A4EAD00DB2524 /* LaunchScreen.storyboard in Resources */ = {isa = PBXBuildFile; fileRef = 27D31A2E266A4EAD00DB2524 /* LaunchScreen.storyboard */; };
		27D31BEB266E231C00DB2524 /* RouterTests.swift in Sources */ = {isa = PBXBuildFile; fileRef = 27D31BEA266E231C00DB2524 /* RouterTests.swift */; };
		27E3DE7E267B8A250048A84C /* CryptographyTests.swift in Sources */ = {isa = PBXBuildFile; fileRef = 27E3DE7C267B8A250048A84C /* CryptographyTests.swift */; };
		27E3DE7F267B8A250048A84C /* CryptographyTestingAssets.plist in Resources */ = {isa = PBXBuildFile; fileRef = 27E3DE7D267B8A250048A84C /* CryptographyTestingAssets.plist */; };
/* End PBXBuildFile section */

/* Begin PBXContainerItemProxy section */
		27D31A37266A4EAD00DB2524 /* PBXContainerItemProxy */ = {
			isa = PBXContainerItemProxy;
			containerPortal = 27D31A18266A4EAB00DB2524 /* Project object */;
			proxyType = 1;
			remoteGlobalIDString = 27D31A1F266A4EAB00DB2524;
			remoteInfo = DigiMeSDKExample;
		};
/* End PBXContainerItemProxy section */

/* Begin PBXFileReference section */
		1E0225D42980675600892CE8 /* DatePickerWithButtons.swift */ = {isa = PBXFileReference; lastKnownFileType = sourcecode.swift; path = DatePickerWithButtons.swift; sourceTree = "<group>"; };
		1E02269729817C2C00892CE8 /* AppleHealthSummaryView.swift */ = {isa = PBXFileReference; lastKnownFileType = sourcecode.swift; path = AppleHealthSummaryView.swift; sourceTree = "<group>"; };
		1E0226AE29828BAF00892CE8 /* Binding+Helper.swift */ = {isa = PBXFileReference; lastKnownFileType = sourcecode.swift; path = "Binding+Helper.swift"; sourceTree = "<group>"; };
		1E02535629A94B4200702D90 /* SourceImage.swift */ = {isa = PBXFileReference; lastKnownFileType = sourcecode.swift; path = SourceImage.swift; sourceTree = "<group>"; };
		1E02535829AA883800702D90 /* CustomDisclosureView.swift */ = {isa = PBXFileReference; lastKnownFileType = sourcecode.swift; path = CustomDisclosureView.swift; sourceTree = "<group>"; };
		1E06B22A29A4E11A00809D13 /* ServicesView.swift */ = {isa = PBXFileReference; lastKnownFileType = sourcecode.swift; path = ServicesView.swift; sourceTree = "<group>"; };
		1E07621429A0C41800CED8E9 /* Date+Helper.swift */ = {isa = PBXFileReference; lastKnownFileType = sourcecode.swift; path = "Date+Helper.swift"; sourceTree = "<group>"; };
		1E0E131F298BE0BB00F1A813 /* AppleHealthChartViewModel.swift */ = {isa = PBXFileReference; lastKnownFileType = sourcecode.swift; path = AppleHealthChartViewModel.swift; sourceTree = "<group>"; };
		1E0E1325298C134100F1A813 /* AppleHealthBarChartView.swift */ = {isa = PBXFileReference; lastKnownFileType = sourcecode.swift; path = AppleHealthBarChartView.swift; sourceTree = "<group>"; };
		1E0E79E92AFA99710015A89C /* ServicePickerView.swift */ = {isa = PBXFileReference; fileEncoding = 4; lastKnownFileType = sourcecode.swift; path = ServicePickerView.swift; sourceTree = "<group>"; };
		1E1DC11729ABA19700B827E3 /* DigiMeSDKExampleApp.swift */ = {isa = PBXFileReference; lastKnownFileType = sourcecode.swift; path = DigiMeSDKExampleApp.swift; sourceTree = "<group>"; };
		1E1DC11929ABA61900B827E3 /* ChartSeries.swift */ = {isa = PBXFileReference; lastKnownFileType = sourcecode.swift; path = ChartSeries.swift; sourceTree = "<group>"; };
		1E1DC11B29ABA6B300B827E3 /* ServiceSection.swift */ = {isa = PBXFileReference; lastKnownFileType = sourcecode.swift; path = ServiceSection.swift; sourceTree = "<group>"; };
		1E1DC11D29ABA6E700B827E3 /* GroupObjectType.swift */ = {isa = PBXFileReference; lastKnownFileType = sourcecode.swift; path = GroupObjectType.swift; sourceTree = "<group>"; };
		1E29EC142AE558D70016B8D5 /* discovery.json */ = {isa = PBXFileReference; fileEncoding = 4; lastKnownFileType = text.json; path = discovery.json; sourceTree = "<group>"; };
		1E2A1B592B8B269100B1E1E4 /* ImageDownloader.swift */ = {isa = PBXFileReference; lastKnownFileType = sourcecode.swift; path = ImageDownloader.swift; sourceTree = "<group>"; };
		1E32B96629A4E3590013B1C1 /* ServicesViewModel.swift */ = {isa = PBXFileReference; lastKnownFileType = sourcecode.swift; path = ServicesViewModel.swift; sourceTree = "<group>"; };
		1E34233C2B1C8F81007D41CE /* DigiMeSDKExample.docc */ = {isa = PBXFileReference; lastKnownFileType = folder.documentationcatalog; name = DigiMeSDKExample.docc; path = DigiMeSDKExample/DigiMeSDKExample.docc; sourceTree = "<group>"; };
		1E3653B32A1D23D000F0FFA5 /* PDFKitView.swift */ = {isa = PBXFileReference; lastKnownFileType = sourcecode.swift; path = PDFKitView.swift; sourceTree = "<group>"; };
		1E47A0E4298D25EF0081A2C5 /* ActivityIndicator.swift */ = {isa = PBXFileReference; lastKnownFileType = sourcecode.swift; path = ActivityIndicator.swift; sourceTree = "<group>"; };
		1E47A0E8298D420E0081A2C5 /* ChartTimeRangePicker.swift */ = {isa = PBXFileReference; lastKnownFileType = sourcecode.swift; path = ChartTimeRangePicker.swift; sourceTree = "<group>"; };
		1E47A0EA298FCE060081A2C5 /* TestDataSet.swift */ = {isa = PBXFileReference; fileEncoding = 4; lastKnownFileType = sourcecode.swift; path = TestDataSet.swift; sourceTree = "<group>"; };
		1E47A0EC298FE5D40081A2C5 /* MonthlyActivityChart.swift */ = {isa = PBXFileReference; lastKnownFileType = sourcecode.swift; path = MonthlyActivityChart.swift; sourceTree = "<group>"; };
		1E47A0EE298FE6A60081A2C5 /* DailyActivityChart.swift */ = {isa = PBXFileReference; lastKnownFileType = sourcecode.swift; path = DailyActivityChart.swift; sourceTree = "<group>"; };
		1E47A0F0298FEC0D0081A2C5 /* AppleHealthLineChartView.swift */ = {isa = PBXFileReference; fileEncoding = 4; lastKnownFileType = sourcecode.swift; path = AppleHealthLineChartView.swift; sourceTree = "<group>"; };
		1E47A0F2299176100081A2C5 /* Square.swift */ = {isa = PBXFileReference; lastKnownFileType = sourcecode.swift; path = Square.swift; sourceTree = "<group>"; };
		1E4901E127D9112200F13D29 /* Logger.swift */ = {isa = PBXFileReference; fileEncoding = 4; lastKnownFileType = sourcecode.swift; path = Logger.swift; sourceTree = "<group>"; };
		1E4901ED27D9114B00F13D29 /* AppInfo.swift */ = {isa = PBXFileReference; fileEncoding = 4; lastKnownFileType = sourcecode.swift; path = AppInfo.swift; sourceTree = "<group>"; };
		1E4901EE27D9114B00F13D29 /* Contracts.swift */ = {isa = PBXFileReference; fileEncoding = 4; lastKnownFileType = sourcecode.swift; path = Contracts.swift; sourceTree = "<group>"; };
		1E4901EF27D9114B00F13D29 /* DigimeContract.swift */ = {isa = PBXFileReference; fileEncoding = 4; lastKnownFileType = sourcecode.swift; path = DigimeContract.swift; sourceTree = "<group>"; };
		1E49020E27D9155000F13D29 /* HealthDataTypeValue.swift */ = {isa = PBXFileReference; fileEncoding = 4; lastKnownFileType = sourcecode.swift; path = HealthDataTypeValue.swift; sourceTree = "<group>"; };
		1E49020F27D9155000F13D29 /* ServerResponse.swift */ = {isa = PBXFileReference; fileEncoding = 4; lastKnownFileType = sourcecode.swift; path = ServerResponse.swift; sourceTree = "<group>"; };
		1E49021227D918FC00F13D29 /* DigiMeSDKExample.entitlements */ = {isa = PBXFileReference; lastKnownFileType = text.plist.entitlements; path = DigiMeSDKExample.entitlements; sourceTree = "<group>"; };
		1E4C939A297EF4D200195E58 /* ScopeAddView.swift */ = {isa = PBXFileReference; lastKnownFileType = sourcecode.swift; path = ScopeAddView.swift; sourceTree = "<group>"; };
		1E56030629A3759A007AC2FF /* LogDetailsView.swift */ = {isa = PBXFileReference; lastKnownFileType = sourcecode.swift; path = LogDetailsView.swift; sourceTree = "<group>"; };
		1E61E83D2A0BB6B300EDD3D7 /* ScopeTimeRangeTemplatesRow.swift */ = {isa = PBXFileReference; lastKnownFileType = sourcecode.swift; path = ScopeTimeRangeTemplatesRow.swift; sourceTree = "<group>"; };
		1E61E88E2A0D0E9C00EDD3D7 /* ScopeDateButton.swift */ = {isa = PBXFileReference; lastKnownFileType = sourcecode.swift; path = ScopeDateButton.swift; sourceTree = "<group>"; };
		1E61E8902A0D0F2A00EDD3D7 /* ScopeServiceObjectTypesRow.swift */ = {isa = PBXFileReference; lastKnownFileType = sourcecode.swift; path = ScopeServiceObjectTypesRow.swift; sourceTree = "<group>"; };
		1E61E8922A0D10DF00EDD3D7 /* ScopeEditView.swift */ = {isa = PBXFileReference; lastKnownFileType = sourcecode.swift; path = ScopeEditView.swift; sourceTree = "<group>"; };
		1E6E717C2861AA1000E7954E /* UserPreferences.swift */ = {isa = PBXFileReference; lastKnownFileType = sourcecode.swift; path = UserPreferences.swift; sourceTree = "<group>"; };
		1E6E71B12862FE8600E7954E /* ChartStatementView.swift */ = {isa = PBXFileReference; lastKnownFileType = sourcecode.swift; path = ChartStatementView.swift; sourceTree = "<group>"; };
		1E7B414B29A3925C00F7B5B4 /* JSONTreeView.swift */ = {isa = PBXFileReference; fileEncoding = 4; lastKnownFileType = sourcecode.swift; path = JSONTreeView.swift; sourceTree = "<group>"; };
		1E7B414D29A3925D00F7B5B4 /* JSONCell.swift */ = {isa = PBXFileReference; fileEncoding = 4; lastKnownFileType = sourcecode.swift; path = JSONCell.swift; sourceTree = "<group>"; };
		1E811D8B299E5C4500EC80B0 /* WriteDataView.swift */ = {isa = PBXFileReference; lastKnownFileType = sourcecode.swift; path = WriteDataView.swift; sourceTree = "<group>"; };
		1E811D8E299F860200EC80B0 /* SplitView.swift */ = {isa = PBXFileReference; lastKnownFileType = sourcecode.swift; path = SplitView.swift; sourceTree = "<group>"; };
		1E811D90299F912900EC80B0 /* LogOutputView.swift */ = {isa = PBXFileReference; lastKnownFileType = sourcecode.swift; path = LogOutputView.swift; sourceTree = "<group>"; };
		1E811D92299FD15800EC80B0 /* Modifiers.swift */ = {isa = PBXFileReference; lastKnownFileType = sourcecode.swift; path = Modifiers.swift; sourceTree = "<group>"; };
		1E811D94299FEECC00EC80B0 /* WriteDataViewModel.swift */ = {isa = PBXFileReference; lastKnownFileType = sourcecode.swift; path = WriteDataViewModel.swift; sourceTree = "<group>"; };
		1E811D9829A017E700EC80B0 /* LineChartView.swift */ = {isa = PBXFileReference; lastKnownFileType = sourcecode.swift; path = LineChartView.swift; sourceTree = "<group>"; };
		1E811D9B29A0233F00EC80B0 /* LogEntry.swift */ = {isa = PBXFileReference; lastKnownFileType = sourcecode.swift; path = LogEntry.swift; sourceTree = "<group>"; };
		1E864C1F29BA5631005BA921 /* LinkedAccount.swift */ = {isa = PBXFileReference; lastKnownFileType = sourcecode.swift; path = LinkedAccount.swift; sourceTree = "<group>"; };
		1E87223829A5633E00418DE1 /* ContractDetailsView.swift */ = {isa = PBXFileReference; lastKnownFileType = sourcecode.swift; path = ContractDetailsView.swift; sourceTree = "<group>"; };
		1E8B62A02A0D6C2B00FC0FC6 /* ScopeObjectTypesGridView.swift */ = {isa = PBXFileReference; lastKnownFileType = sourcecode.swift; path = ScopeObjectTypesGridView.swift; sourceTree = "<group>"; };
		1EA4CFEB2A0280F100A2493A /* TimeRangeTemplate.swift */ = {isa = PBXFileReference; lastKnownFileType = sourcecode.swift; path = TimeRangeTemplate.swift; sourceTree = "<group>"; };
		1EA4CFED2A0281B300A2493A /* ScopeViewModel.swift */ = {isa = PBXFileReference; lastKnownFileType = sourcecode.swift; path = ScopeViewModel.swift; sourceTree = "<group>"; };
		1EA4CFEF2A04CAD900A2493A /* ScopeObjectTypeIconView.swift */ = {isa = PBXFileReference; lastKnownFileType = sourcecode.swift; path = ScopeObjectTypeIconView.swift; sourceTree = "<group>"; };
		1EA52C9F29850F5A00A61213 /* AppleHealthSummaryViewModel.swift */ = {isa = PBXFileReference; lastKnownFileType = sourcecode.swift; path = AppleHealthSummaryViewModel.swift; sourceTree = "<group>"; };
		1EA52DAE2987A42E00A61213 /* HomeView.swift */ = {isa = PBXFileReference; lastKnownFileType = sourcecode.swift; path = HomeView.swift; sourceTree = "<group>"; };
		1EA5A1A829A3DD8100A9DB5A /* HighlightedTextView.swift */ = {isa = PBXFileReference; lastKnownFileType = sourcecode.swift; path = HighlightedTextView.swift; sourceTree = "<group>"; };
		1EA7BEEE2B24C1F9006C3536 /* DiscoveryResource+Helper.swift */ = {isa = PBXFileReference; fileEncoding = 4; lastKnownFileType = sourcecode.swift; path = "DiscoveryResource+Helper.swift"; sourceTree = "<group>"; };
		1EA86AA42B0554880030CB91 /* SectionView.swift */ = {isa = PBXFileReference; lastKnownFileType = sourcecode.swift; path = SectionView.swift; sourceTree = "<group>"; };
		1EA86AA62B055D990030CB91 /* GenericPressableButtonView.swift */ = {isa = PBXFileReference; lastKnownFileType = sourcecode.swift; path = GenericPressableButtonView.swift; sourceTree = "<group>"; };
		1EA86AA82B0668F40030CB91 /* StyledPressableButtonView.swift */ = {isa = PBXFileReference; lastKnownFileType = sourcecode.swift; path = StyledPressableButtonView.swift; sourceTree = "<group>"; };
		1EBABAF028FC36C600C96C01 /* DistanceFormatter.swift */ = {isa = PBXFileReference; fileEncoding = 4; lastKnownFileType = sourcecode.swift; path = DistanceFormatter.swift; sourceTree = "<group>"; };
		1EBABAF228FC36EF00C96C01 /* Locale+Helper.swift */ = {isa = PBXFileReference; fileEncoding = 4; lastKnownFileType = sourcecode.swift; path = "Locale+Helper.swift"; sourceTree = "<group>"; };
		1EBABAF428FC39D300C96C01 /* CaloriesFormatter.swift */ = {isa = PBXFileReference; lastKnownFileType = sourcecode.swift; path = CaloriesFormatter.swift; sourceTree = "<group>"; };
		1ED268452B09683500588855 /* InfoMessageView.swift */ = {isa = PBXFileReference; lastKnownFileType = sourcecode.swift; path = InfoMessageView.swift; sourceTree = "<group>"; };
		1ED268472B0A6D2800588855 /* CustomNavigationLinkView.swift */ = {isa = PBXFileReference; lastKnownFileType = sourcecode.swift; path = CustomNavigationLinkView.swift; sourceTree = "<group>"; };
		1ED4CA2629D3783400C9874B /* ReportDateManagerView.swift */ = {isa = PBXFileReference; lastKnownFileType = sourcecode.swift; path = ReportDateManagerView.swift; sourceTree = "<group>"; };
		1ED4CA2E29D4356C00C9874B /* BlurView.swift */ = {isa = PBXFileReference; lastKnownFileType = sourcecode.swift; path = BlurView.swift; sourceTree = "<group>"; };
		1EDA770C2AFD294E002EE2B9 /* CustomActionSheetViewModifier.swift */ = {isa = PBXFileReference; lastKnownFileType = sourcecode.swift; path = CustomActionSheetViewModifier.swift; sourceTree = "<group>"; };
		1EDF307A2B8711160012275E /* SVGView.swift */ = {isa = PBXFileReference; lastKnownFileType = sourcecode.swift; path = SVGView.swift; sourceTree = "<group>"; };
		1EE0FA3E29D04B900084F5ED /* ShareSheetView.swift */ = {isa = PBXFileReference; lastKnownFileType = sourcecode.swift; path = ShareSheetView.swift; sourceTree = "<group>"; };
		1EE6FAF12A13F7A900796505 /* ScopeLimitsDetailsView.swift */ = {isa = PBXFileReference; lastKnownFileType = sourcecode.swift; path = ScopeLimitsDetailsView.swift; sourceTree = "<group>"; };
		1EED5A2D29BF9C3600B3F544 /* ActionView.swift */ = {isa = PBXFileReference; lastKnownFileType = sourcecode.swift; path = ActionView.swift; sourceTree = "<group>"; };
		1EEE0EC529BE5267004FA4D0 /* BallScaleRippleMultiple.swift */ = {isa = PBXFileReference; lastKnownFileType = sourcecode.swift; path = BallScaleRippleMultiple.swift; sourceTree = "<group>"; };
		1EEE0EC729BE54A1004FA4D0 /* KeyframeAnimation.swift */ = {isa = PBXFileReference; lastKnownFileType = sourcecode.swift; path = KeyframeAnimation.swift; sourceTree = "<group>"; };
		1EEE0EC929BE5503004FA4D0 /* Ring.swift */ = {isa = PBXFileReference; lastKnownFileType = sourcecode.swift; path = Ring.swift; sourceTree = "<group>"; };
		1EF62B062AFE45CD00AAE3FB /* CustomActionSheetView.swift */ = {isa = PBXFileReference; lastKnownFileType = sourcecode.swift; path = CustomActionSheetView.swift; sourceTree = "<group>"; };
		1EF7280E2B5AAC1A00E4CD83 /* CustomActionPickerViewModifier.swift */ = {isa = PBXFileReference; lastKnownFileType = sourcecode.swift; path = CustomActionPickerViewModifier.swift; sourceTree = "<group>"; };
		1EF728102B5C1FEF00E4CD83 /* CustomActionSheetButton.swift */ = {isa = PBXFileReference; lastKnownFileType = sourcecode.swift; path = CustomActionSheetButton.swift; sourceTree = "<group>"; };
		1EF728122B5C341900E4CD83 /* CustomActionPickerViewButtonData.swift */ = {isa = PBXFileReference; lastKnownFileType = sourcecode.swift; path = CustomActionPickerViewButtonData.swift; sourceTree = "<group>"; };
		27D31A20266A4EAB00DB2524 /* DigiMeSDKExample.app */ = {isa = PBXFileReference; explicitFileType = wrapper.application; includeInIndex = 0; path = DigiMeSDKExample.app; sourceTree = BUILT_PRODUCTS_DIR; };
		27D31A23266A4EAB00DB2524 /* AppDelegate.swift */ = {isa = PBXFileReference; lastKnownFileType = sourcecode.swift; path = AppDelegate.swift; sourceTree = "<group>"; };
		27D31A25266A4EAB00DB2524 /* SceneDelegate.swift */ = {isa = PBXFileReference; lastKnownFileType = sourcecode.swift; path = SceneDelegate.swift; sourceTree = "<group>"; };
		27D31A2C266A4EAD00DB2524 /* Assets.xcassets */ = {isa = PBXFileReference; lastKnownFileType = folder.assetcatalog; path = Assets.xcassets; sourceTree = "<group>"; };
		27D31A2F266A4EAD00DB2524 /* Base */ = {isa = PBXFileReference; lastKnownFileType = file.storyboard; name = Base; path = Base.lproj/LaunchScreen.storyboard; sourceTree = "<group>"; };
		27D31A31266A4EAD00DB2524 /* Info.plist */ = {isa = PBXFileReference; lastKnownFileType = text.plist.xml; path = Info.plist; sourceTree = "<group>"; };
		27D31A36266A4EAD00DB2524 /* DigiMeSDKExampleTests.xctest */ = {isa = PBXFileReference; explicitFileType = wrapper.cfbundle; includeInIndex = 0; path = DigiMeSDKExampleTests.xctest; sourceTree = BUILT_PRODUCTS_DIR; };
		27D31A3C266A4EAD00DB2524 /* Info.plist */ = {isa = PBXFileReference; lastKnownFileType = text.plist.xml; path = Info.plist; sourceTree = "<group>"; };
		27D31BEA266E231C00DB2524 /* RouterTests.swift */ = {isa = PBXFileReference; fileEncoding = 4; lastKnownFileType = sourcecode.swift; path = RouterTests.swift; sourceTree = "<group>"; };
		27E3DE7C267B8A250048A84C /* CryptographyTests.swift */ = {isa = PBXFileReference; fileEncoding = 4; lastKnownFileType = sourcecode.swift; path = CryptographyTests.swift; sourceTree = "<group>"; };
		27E3DE7D267B8A250048A84C /* CryptographyTestingAssets.plist */ = {isa = PBXFileReference; fileEncoding = 4; lastKnownFileType = text.plist.xml; path = CryptographyTestingAssets.plist; sourceTree = "<group>"; };
/* End PBXFileReference section */

/* Begin PBXFrameworksBuildPhase section */
		27D31A1D266A4EAB00DB2524 /* Frameworks */ = {
			isa = PBXFrameworksBuildPhase;
			buildActionMask = 2147483647;
			files = (
				1EB790342B46DBDA001D0811 /* DigiMeHealthKit in Frameworks */,
				1EB790372B46DBE7001D0811 /* DigiMeSDK in Frameworks */,
				1EB7902C2B46DB86001D0811 /* DigiMeSDK in Frameworks */,
				1EB790312B46DBB9001D0811 /* DigiMeCore in Frameworks */,
			);
			runOnlyForDeploymentPostprocessing = 0;
		};
		27D31A33266A4EAD00DB2524 /* Frameworks */ = {
			isa = PBXFrameworksBuildPhase;
			buildActionMask = 2147483647;
			files = (
			);
			runOnlyForDeploymentPostprocessing = 0;
		};
/* End PBXFrameworksBuildPhase section */

/* Begin PBXGroup section */
		1E06B22C29A4E12B00809D13 /* Services */ = {
			isa = PBXGroup;
			children = (
				1E06B22A29A4E11A00809D13 /* ServicesView.swift */,
				1E87223829A5633E00418DE1 /* ContractDetailsView.swift */,
				1E0E79E92AFA99710015A89C /* ServicePickerView.swift */,
			);
			path = Services;
			sourceTree = "<group>";
		};
		1E0E136E298D19F300F1A813 /* Chart */ = {
			isa = PBXGroup;
			children = (
				1E811D9629A0177900EC80B0 /* Bar */,
				1E811D9729A0179D00EC80B0 /* Line */,
				1E47A0E8298D420E0081A2C5 /* ChartTimeRangePicker.swift */,
			);
			path = Chart;
			sourceTree = "<group>";
		};
		1E0E136F298D1A0D00F1A813 /* Scope */ = {
			isa = PBXGroup;
			children = (
				1E4C939A297EF4D200195E58 /* ScopeAddView.swift */,
				1E61E8922A0D10DF00EDD3D7 /* ScopeEditView.swift */,
				1EE6FAF12A13F7A900796505 /* ScopeLimitsDetailsView.swift */,
				1E61E88E2A0D0E9C00EDD3D7 /* ScopeDateButton.swift */,
				1EA4CFEF2A04CAD900A2493A /* ScopeObjectTypeIconView.swift */,
				1E61E8902A0D0F2A00EDD3D7 /* ScopeServiceObjectTypesRow.swift */,
				1E61E83D2A0BB6B300EDD3D7 /* ScopeTimeRangeTemplatesRow.swift */,
				1E8B62A02A0D6C2B00FC0FC6 /* ScopeObjectTypesGridView.swift */,
			);
			path = Scope;
			sourceTree = "<group>";
		};
		1E0E1370298D1A4600F1A813 /* Summary */ = {
			isa = PBXGroup;
			children = (
				1E02269729817C2C00892CE8 /* AppleHealthSummaryView.swift */,
			);
			path = Summary;
			sourceTree = "<group>";
		};
		1E47A0E3298D25CE0081A2C5 /* Other */ = {
			isa = PBXGroup;
			children = (
				1E7B414A29A3925C00F7B5B4 /* JSONPreview */,
				1ED4CA2629D3783400C9874B /* ReportDateManagerView.swift */,
				1E3653B32A1D23D000F0FFA5 /* PDFKitView.swift */,
				1ED4CA2E29D4356C00C9874B /* BlurView.swift */,
				1E4901E127D9112200F13D29 /* Logger.swift */,
				1ED268472B0A6D2800588855 /* CustomNavigationLinkView.swift */,
				1EEE0EC529BE5267004FA4D0 /* BallScaleRippleMultiple.swift */,
				1EEE0EC929BE5503004FA4D0 /* Ring.swift */,
				1E811D8E299F860200EC80B0 /* SplitView.swift */,
				1E47A0E4298D25EF0081A2C5 /* ActivityIndicator.swift */,
				1E47A0F2299176100081A2C5 /* Square.swift */,
				1E811D90299F912900EC80B0 /* LogOutputView.swift */,
				1E56030629A3759A007AC2FF /* LogDetailsView.swift */,
				1EA5A1A829A3DD8100A9DB5A /* HighlightedTextView.swift */,
				1E02535629A94B4200702D90 /* SourceImage.swift */,
				1E2A1B592B8B269100B1E1E4 /* ImageDownloader.swift */,
				1EDF307A2B8711160012275E /* SVGView.swift */,
				1EEE0EC729BE54A1004FA4D0 /* KeyframeAnimation.swift */,
				1EED5A2D29BF9C3600B3F544 /* ActionView.swift */,
				1EE0FA3E29D04B900084F5ED /* ShareSheetView.swift */,
				1EA86AA42B0554880030CB91 /* SectionView.swift */,
				1EA86AA62B055D990030CB91 /* GenericPressableButtonView.swift */,
				1EA86AA82B0668F40030CB91 /* StyledPressableButtonView.swift */,
				1ED268452B09683500588855 /* InfoMessageView.swift */,
				1E0225D42980675600892CE8 /* DatePickerWithButtons.swift */,
				1EF728102B5C1FEF00E4CD83 /* CustomActionSheetButton.swift */,
				1EF728122B5C341900E4CD83 /* CustomActionPickerViewButtonData.swift */,
				1EDA770C2AFD294E002EE2B9 /* CustomActionSheetViewModifier.swift */,
				1EF62B062AFE45CD00AAE3FB /* CustomActionSheetView.swift */,
				1EF7280E2B5AAC1A00E4CD83 /* CustomActionPickerViewModifier.swift */,
			);
			path = Other;
			sourceTree = "<group>";
		};
		1E4901DE27D9105F00F13D29 /* Utilities */ = {
			isa = PBXGroup;
			children = (
				1EA7BEEE2B24C1F9006C3536 /* DiscoveryResource+Helper.swift */,
				1EBABAF228FC36EF00C96C01 /* Locale+Helper.swift */,
				1EBABAF028FC36C600C96C01 /* DistanceFormatter.swift */,
				1EBABAF428FC39D300C96C01 /* CaloriesFormatter.swift */,
				1E6E717C2861AA1000E7954E /* UserPreferences.swift */,
				1E0226AE29828BAF00892CE8 /* Binding+Helper.swift */,
				1E811D92299FD15800EC80B0 /* Modifiers.swift */,
				1E07621429A0C41800CED8E9 /* Date+Helper.swift */,
			);
			path = Utilities;
			sourceTree = "<group>";
		};
		1E4901EC27D9114B00F13D29 /* Supporting Files */ = {
			isa = PBXGroup;
			children = (
				1E4901ED27D9114B00F13D29 /* AppInfo.swift */,
				1E4901EE27D9114B00F13D29 /* Contracts.swift */,
			);
			path = "Supporting Files";
			sourceTree = "<group>";
		};
		1E49020527D9149800F13D29 /* Views */ = {
			isa = PBXGroup;
			children = (
				1EA52DAE2987A42E00A61213 /* HomeView.swift */,
				1E06B22C29A4E12B00809D13 /* Services */,
				1E811D8D299E5C8000EC80B0 /* Write */,
				1E0E136E298D19F300F1A813 /* Chart */,
				1E0E1370298D1A4600F1A813 /* Summary */,
				1E47A0E3298D25CE0081A2C5 /* Other */,
				1E0E136F298D1A0D00F1A813 /* Scope */,
			);
			path = Views;
			sourceTree = "<group>";
		};
		1E49020D27D9155000F13D29 /* Models */ = {
			isa = PBXGroup;
			children = (
				1E4901EF27D9114B00F13D29 /* DigimeContract.swift */,
				1E49020E27D9155000F13D29 /* HealthDataTypeValue.swift */,
				1E811D9B29A0233F00EC80B0 /* LogEntry.swift */,
				1E49020F27D9155000F13D29 /* ServerResponse.swift */,
				1E1DC11929ABA61900B827E3 /* ChartSeries.swift */,
				1E1DC11B29ABA6B300B827E3 /* ServiceSection.swift */,
				1E1DC11D29ABA6E700B827E3 /* GroupObjectType.swift */,
				1E864C1F29BA5631005BA921 /* LinkedAccount.swift */,
				1EA4CFEB2A0280F100A2493A /* TimeRangeTemplate.swift */,
			);
			path = Models;
			sourceTree = "<group>";
		};
		1E70A0E12B20732A0003227F /* Frameworks */ = {
			isa = PBXGroup;
			children = (
			);
			name = Frameworks;
			sourceTree = "<group>";
		};
		1E7B414A29A3925C00F7B5B4 /* JSONPreview */ = {
			isa = PBXGroup;
			children = (
				1E7B414B29A3925C00F7B5B4 /* JSONTreeView.swift */,
				1E7B414D29A3925D00F7B5B4 /* JSONCell.swift */,
			);
			path = JSONPreview;
			sourceTree = "<group>";
		};
		1E811D8D299E5C8000EC80B0 /* Write */ = {
			isa = PBXGroup;
			children = (
				1E811D8B299E5C4500EC80B0 /* WriteDataView.swift */,
			);
			path = Write;
			sourceTree = "<group>";
		};
		1E811D9629A0177900EC80B0 /* Bar */ = {
			isa = PBXGroup;
			children = (
				1E0E1325298C134100F1A813 /* AppleHealthBarChartView.swift */,
				1E47A0EE298FE6A60081A2C5 /* DailyActivityChart.swift */,
				1E47A0EC298FE5D40081A2C5 /* MonthlyActivityChart.swift */,
				1E6E71B12862FE8600E7954E /* ChartStatementView.swift */,
			);
			path = Bar;
			sourceTree = "<group>";
		};
		1E811D9729A0179D00EC80B0 /* Line */ = {
			isa = PBXGroup;
			children = (
				1E47A0F0298FEC0D0081A2C5 /* AppleHealthLineChartView.swift */,
				1E811D9829A017E700EC80B0 /* LineChartView.swift */,
			);
			path = Line;
			sourceTree = "<group>";
		};
		1E811D9A29A019E100EC80B0 /* Tests */ = {
			isa = PBXGroup;
			children = (
				1E29EC142AE558D70016B8D5 /* discovery.json */,
				1E02535829AA883800702D90 /* CustomDisclosureView.swift */,
				1E47A0EA298FCE060081A2C5 /* TestDataSet.swift */,
			);
			path = Tests;
			sourceTree = "<group>";
		};
		1EA52CA12986726200A61213 /* ViewModels */ = {
			isa = PBXGroup;
			children = (
				1EA52C9F29850F5A00A61213 /* AppleHealthSummaryViewModel.swift */,
				1E0E131F298BE0BB00F1A813 /* AppleHealthChartViewModel.swift */,
				1E32B96629A4E3590013B1C1 /* ServicesViewModel.swift */,
				1EA4CFED2A0281B300A2493A /* ScopeViewModel.swift */,
				1E811D94299FEECC00EC80B0 /* WriteDataViewModel.swift */,
			);
			path = ViewModels;
			sourceTree = "<group>";
		};
		27D31A17266A4EAB00DB2524 = {
			isa = PBXGroup;
			children = (
				1E34233C2B1C8F81007D41CE /* DigiMeSDKExample.docc */,
				27D31A22266A4EAB00DB2524 /* DigiMeSDKExample */,
				27D31A39266A4EAD00DB2524 /* DigiMeSDKExampleTests */,
				27D31A21266A4EAB00DB2524 /* Products */,
				1E70A0E12B20732A0003227F /* Frameworks */,
			);
			sourceTree = "<group>";
		};
		27D31A21266A4EAB00DB2524 /* Products */ = {
			isa = PBXGroup;
			children = (
				27D31A20266A4EAB00DB2524 /* DigiMeSDKExample.app */,
				27D31A36266A4EAD00DB2524 /* DigiMeSDKExampleTests.xctest */,
			);
			name = Products;
			sourceTree = "<group>";
		};
		27D31A22266A4EAB00DB2524 /* DigiMeSDKExample */ = {
			isa = PBXGroup;
			children = (
				1E49021227D918FC00F13D29 /* DigiMeSDKExample.entitlements */,
				1E1DC11729ABA19700B827E3 /* DigiMeSDKExampleApp.swift */,
				27D31A23266A4EAB00DB2524 /* AppDelegate.swift */,
				27D31A25266A4EAB00DB2524 /* SceneDelegate.swift */,
				1EA52CA12986726200A61213 /* ViewModels */,
				1E49020D27D9155000F13D29 /* Models */,
				1E49020527D9149800F13D29 /* Views */,
				1E4901EC27D9114B00F13D29 /* Supporting Files */,
				1E4901DE27D9105F00F13D29 /* Utilities */,
				1E811D9A29A019E100EC80B0 /* Tests */,
				27D31A2C266A4EAD00DB2524 /* Assets.xcassets */,
				27D31A2E266A4EAD00DB2524 /* LaunchScreen.storyboard */,
				27D31A31266A4EAD00DB2524 /* Info.plist */,
			);
			path = DigiMeSDKExample;
			sourceTree = "<group>";
		};
		27D31A39266A4EAD00DB2524 /* DigiMeSDKExampleTests */ = {
			isa = PBXGroup;
			children = (
				27E3DE7B267B897E0048A84C /* Security */,
				27D31BE9266E230200DB2524 /* Network */,
				27D31A3C266A4EAD00DB2524 /* Info.plist */,
			);
			path = DigiMeSDKExampleTests;
			sourceTree = "<group>";
		};
		27D31BE9266E230200DB2524 /* Network */ = {
			isa = PBXGroup;
			children = (
				27D31BEA266E231C00DB2524 /* RouterTests.swift */,
			);
			path = Network;
			sourceTree = "<group>";
		};
		27E3DE7B267B897E0048A84C /* Security */ = {
			isa = PBXGroup;
			children = (
				27E3DE7D267B8A250048A84C /* CryptographyTestingAssets.plist */,
				27E3DE7C267B8A250048A84C /* CryptographyTests.swift */,
			);
			path = Security;
			sourceTree = "<group>";
		};
/* End PBXGroup section */

/* Begin PBXNativeTarget section */
		27D31A1F266A4EAB00DB2524 /* DigiMeSDKExample */ = {
			isa = PBXNativeTarget;
			buildConfigurationList = 27D31A4A266A4EAD00DB2524 /* Build configuration list for PBXNativeTarget "DigiMeSDKExample" */;
			buildPhases = (
				27D31A1C266A4EAB00DB2524 /* Sources */,
				27D31A1D266A4EAB00DB2524 /* Frameworks */,
				27D31A1E266A4EAB00DB2524 /* Resources */,
			);
			buildRules = (
			);
			dependencies = (
			);
			name = DigiMeSDKExample;
			packageProductDependencies = (
				1EB7902B2B46DB86001D0811 /* DigiMeSDK */,
				1EB790302B46DBB9001D0811 /* DigiMeCore */,
				1EB790332B46DBDA001D0811 /* DigiMeHealthKit */,
				1EB790362B46DBE7001D0811 /* DigiMeSDK */,
			);
			productName = DigiMeSDKExample;
			productReference = 27D31A20266A4EAB00DB2524 /* DigiMeSDKExample.app */;
			productType = "com.apple.product-type.application";
		};
		27D31A35266A4EAD00DB2524 /* DigiMeSDKExampleTests */ = {
			isa = PBXNativeTarget;
			buildConfigurationList = 27D31A4D266A4EAD00DB2524 /* Build configuration list for PBXNativeTarget "DigiMeSDKExampleTests" */;
			buildPhases = (
				AF7455D944CF31CA5AB6F0B4 /* [CP] Check Pods Manifest.lock */,
				27D31A32266A4EAD00DB2524 /* Sources */,
				27D31A33266A4EAD00DB2524 /* Frameworks */,
				27D31A34266A4EAD00DB2524 /* Resources */,
			);
			buildRules = (
			);
			dependencies = (
				27D31A38266A4EAD00DB2524 /* PBXTargetDependency */,
			);
			name = DigiMeSDKExampleTests;
			productName = DigiMeSDKExampleTests;
			productReference = 27D31A36266A4EAD00DB2524 /* DigiMeSDKExampleTests.xctest */;
			productType = "com.apple.product-type.bundle.unit-test";
		};
/* End PBXNativeTarget section */

/* Begin PBXProject section */
		27D31A18266A4EAB00DB2524 /* Project object */ = {
			isa = PBXProject;
			attributes = {
				BuildIndependentTargetsInParallel = YES;
				LastSwiftUpdateCheck = 1250;
				LastUpgradeCheck = 1500;
				ORGANIZATIONNAME = "digi.me Limited";
				TargetAttributes = {
					27D31A1F266A4EAB00DB2524 = {
						CreatedOnToolsVersion = 12.5;
					};
					27D31A35266A4EAD00DB2524 = {
						CreatedOnToolsVersion = 12.5;
						TestTargetID = 27D31A1F266A4EAB00DB2524;
					};
				};
			};
			buildConfigurationList = 27D31A1B266A4EAB00DB2524 /* Build configuration list for PBXProject "DigiMeSDKExample" */;
			compatibilityVersion = "Xcode 12.0";
			developmentRegion = en;
			hasScannedForEncodings = 0;
			knownRegions = (
				en,
				Base,
			);
			mainGroup = 27D31A17266A4EAB00DB2524;
			packageReferences = (
				1EB7902F2B46DBB9001D0811 /* XCLocalSwiftPackageReference "../../DigiMeCore" */,
				1EB790322B46DBDA001D0811 /* XCLocalSwiftPackageReference "../../DigiMeHealthKit" */,
				1EB790352B46DBE7001D0811 /* XCLocalSwiftPackageReference "../../DigiMeSDK" */,
			);
			productRefGroup = 27D31A21266A4EAB00DB2524 /* Products */;
			projectDirPath = "";
			projectRoot = "";
			targets = (
				27D31A1F266A4EAB00DB2524 /* DigiMeSDKExample */,
				27D31A35266A4EAD00DB2524 /* DigiMeSDKExampleTests */,
			);
		};
/* End PBXProject section */

/* Begin PBXResourcesBuildPhase section */
		27D31A1E266A4EAB00DB2524 /* Resources */ = {
			isa = PBXResourcesBuildPhase;
			buildActionMask = 2147483647;
			files = (
				1E29EC152AE558D70016B8D5 /* discovery.json in Resources */,
				27D31A30266A4EAD00DB2524 /* LaunchScreen.storyboard in Resources */,
				27D31A2D266A4EAD00DB2524 /* Assets.xcassets in Resources */,
			);
			runOnlyForDeploymentPostprocessing = 0;
		};
		27D31A34266A4EAD00DB2524 /* Resources */ = {
			isa = PBXResourcesBuildPhase;
			buildActionMask = 2147483647;
			files = (
				27E3DE7F267B8A250048A84C /* CryptographyTestingAssets.plist in Resources */,
			);
			runOnlyForDeploymentPostprocessing = 0;
		};
/* End PBXResourcesBuildPhase section */

/* Begin PBXShellScriptBuildPhase section */
		AF7455D944CF31CA5AB6F0B4 /* [CP] Check Pods Manifest.lock */ = {
			isa = PBXShellScriptBuildPhase;
			buildActionMask = 2147483647;
			files = (
			);
			inputFileListPaths = (
			);
			inputPaths = (
				"${PODS_PODFILE_DIR_PATH}/Podfile.lock",
				"${PODS_ROOT}/Manifest.lock",
			);
			name = "[CP] Check Pods Manifest.lock";
			outputFileListPaths = (
			);
			outputPaths = (
				"$(DERIVED_FILE_DIR)/Pods-DigiMeSDKExampleTests-checkManifestLockResult.txt",
			);
			runOnlyForDeploymentPostprocessing = 0;
			shellPath = /bin/sh;
			shellScript = "diff \"${PODS_PODFILE_DIR_PATH}/Podfile.lock\" \"${PODS_ROOT}/Manifest.lock\" > /dev/null\nif [ $? != 0 ] ; then\n    # print error to STDERR\n    echo \"error: The sandbox is not in sync with the Podfile.lock. Run 'pod install' or update your CocoaPods installation.\" >&2\n    exit 1\nfi\n# This output is used by Xcode 'outputs' to avoid re-running this script phase.\necho \"SUCCESS\" > \"${SCRIPT_OUTPUT_FILE_0}\"\n";
			showEnvVarsInLog = 0;
		};
/* End PBXShellScriptBuildPhase section */

/* Begin PBXSourcesBuildPhase section */
		27D31A1C266A4EAB00DB2524 /* Sources */ = {
			isa = PBXSourcesBuildPhase;
			buildActionMask = 2147483647;
			files = (
				1E61E88F2A0D0E9C00EDD3D7 /* ScopeDateButton.swift in Sources */,
				1E1DC11C29ABA6B300B827E3 /* ServiceSection.swift in Sources */,
				1E811D8C299E5C4500EC80B0 /* WriteDataView.swift in Sources */,
				1EA86AA72B055D990030CB91 /* GenericPressableButtonView.swift in Sources */,
				1EEE0EC829BE54A1004FA4D0 /* KeyframeAnimation.swift in Sources */,
				27D31A24266A4EAB00DB2524 /* AppDelegate.swift in Sources */,
				1ED4CA2729D3783400C9874B /* ReportDateManagerView.swift in Sources */,
				27D31A26266A4EAB00DB2524 /* SceneDelegate.swift in Sources */,
				1EEE0EC629BE5267004FA4D0 /* BallScaleRippleMultiple.swift in Sources */,
				1EA52DAF2987A42E00A61213 /* HomeView.swift in Sources */,
				1E49021027D9155000F13D29 /* HealthDataTypeValue.swift in Sources */,
				1E8B62A12A0D6C2B00FC0FC6 /* ScopeObjectTypesGridView.swift in Sources */,
				1E811D8F299F860200EC80B0 /* SplitView.swift in Sources */,
				1E47A0E9298D420E0081A2C5 /* ChartTimeRangePicker.swift in Sources */,
				1E1DC11A29ABA61900B827E3 /* ChartSeries.swift in Sources */,
				1E47A0EB298FCE060081A2C5 /* TestDataSet.swift in Sources */,
				1E4901F127D9114B00F13D29 /* Contracts.swift in Sources */,
				1EE6FAF22A13F7A900796505 /* ScopeLimitsDetailsView.swift in Sources */,
				1EA5A1A929A3DD8100A9DB5A /* HighlightedTextView.swift in Sources */,
				1E02535929AA883800702D90 /* CustomDisclosureView.swift in Sources */,
				1E47A0EF298FE6A60081A2C5 /* DailyActivityChart.swift in Sources */,
				1EF7280F2B5AAC1A00E4CD83 /* CustomActionPickerViewModifier.swift in Sources */,
				1E32B96729A4E3590013B1C1 /* ServicesViewModel.swift in Sources */,
				1EA7BEEF2B24C1F9006C3536 /* DiscoveryResource+Helper.swift in Sources */,
				1E07621529A0C41800CED8E9 /* Date+Helper.swift in Sources */,
				1E61E8912A0D0F2A00EDD3D7 /* ScopeServiceObjectTypesRow.swift in Sources */,
				1EF728132B5C341900E4CD83 /* CustomActionPickerViewButtonData.swift in Sources */,
				1E811D9929A017E700EC80B0 /* LineChartView.swift in Sources */,
				1E1DC11829ABA19700B827E3 /* DigiMeSDKExampleApp.swift in Sources */,
				1EF62B072AFE45CD00AAE3FB /* CustomActionSheetView.swift in Sources */,
				1EA52CA029850F5A00A61213 /* AppleHealthSummaryViewModel.swift in Sources */,
				1E47A0F3299176100081A2C5 /* Square.swift in Sources */,
				1EA86AA92B0668F40030CB91 /* StyledPressableButtonView.swift in Sources */,
				1EDF307B2B8711160012275E /* SVGView.swift in Sources */,
				1EDA770D2AFD294E002EE2B9 /* CustomActionSheetViewModifier.swift in Sources */,
				1E0E1326298C134100F1A813 /* AppleHealthBarChartView.swift in Sources */,
				1E02269829817C2C00892CE8 /* AppleHealthSummaryView.swift in Sources */,
				1EA4CFF02A04CAD900A2493A /* ScopeObjectTypeIconView.swift in Sources */,
				1E6E717D2861AA1000E7954E /* UserPreferences.swift in Sources */,
				1E61E8932A0D10DF00EDD3D7 /* ScopeEditView.swift in Sources */,
				1EED5A2E29BF9C3600B3F544 /* ActionView.swift in Sources */,
				1E4901E227D9112200F13D29 /* Logger.swift in Sources */,
				1E02535729A94B4200702D90 /* SourceImage.swift in Sources */,
				1E47A0E5298D25EF0081A2C5 /* ActivityIndicator.swift in Sources */,
				1E4901F227D9114B00F13D29 /* DigimeContract.swift in Sources */,
				1E0E1320298BE0BB00F1A813 /* AppleHealthChartViewModel.swift in Sources */,
				1EF728112B5C1FEF00E4CD83 /* CustomActionSheetButton.swift in Sources */,
				1E1DC11E29ABA6E700B827E3 /* GroupObjectType.swift in Sources */,
				1E7B414E29A3925D00F7B5B4 /* JSONTreeView.swift in Sources */,
				1EBABAF528FC39D300C96C01 /* CaloriesFormatter.swift in Sources */,
				1E34233D2B1C8F81007D41CE /* DigiMeSDKExample.docc in Sources */,
				1E87223929A5633E00418DE1 /* ContractDetailsView.swift in Sources */,
				1E6E71B22862FE8600E7954E /* ChartStatementView.swift in Sources */,
				1E3653B42A1D23D000F0FFA5 /* PDFKitView.swift in Sources */,
				1EE0FA3F29D04B900084F5ED /* ShareSheetView.swift in Sources */,
				1E49021127D9155000F13D29 /* ServerResponse.swift in Sources */,
				1E2A1B5A2B8B269100B1E1E4 /* ImageDownloader.swift in Sources */,
				1E864C2029BA5631005BA921 /* LinkedAccount.swift in Sources */,
				1E7B415029A3925D00F7B5B4 /* JSONCell.swift in Sources */,
				1E811D93299FD15800EC80B0 /* Modifiers.swift in Sources */,
				1E811D95299FEECC00EC80B0 /* WriteDataViewModel.swift in Sources */,
				1EEE0ECA29BE5503004FA4D0 /* Ring.swift in Sources */,
				1ED268462B09683500588855 /* InfoMessageView.swift in Sources */,
				1EBABAF128FC36C600C96C01 /* DistanceFormatter.swift in Sources */,
				1ED4CA2F29D4356C00C9874B /* BlurView.swift in Sources */,
				1E61E83E2A0BB6B300EDD3D7 /* ScopeTimeRangeTemplatesRow.swift in Sources */,
				1E811D91299F912900EC80B0 /* LogOutputView.swift in Sources */,
				1E0226AF29828BAF00892CE8 /* Binding+Helper.swift in Sources */,
				1EA4CFEE2A0281B300A2493A /* ScopeViewModel.swift in Sources */,
				1EBABAF328FC36EF00C96C01 /* Locale+Helper.swift in Sources */,
				1E0225D52980675600892CE8 /* DatePickerWithButtons.swift in Sources */,
				1E56030729A3759A007AC2FF /* LogDetailsView.swift in Sources */,
				1EA4CFEC2A0280F100A2493A /* TimeRangeTemplate.swift in Sources */,
				1EA86AA52B0554880030CB91 /* SectionView.swift in Sources */,
				1E4901F027D9114B00F13D29 /* AppInfo.swift in Sources */,
				1E0E79EA2AFA99710015A89C /* ServicePickerView.swift in Sources */,
				1ED268482B0A6D2800588855 /* CustomNavigationLinkView.swift in Sources */,
				1E811D9C29A0233F00EC80B0 /* LogEntry.swift in Sources */,
				1E06B22B29A4E11A00809D13 /* ServicesView.swift in Sources */,
				1E47A0F1298FEC0D0081A2C5 /* AppleHealthLineChartView.swift in Sources */,
				1E47A0ED298FE5D40081A2C5 /* MonthlyActivityChart.swift in Sources */,
				1E4C939B297EF4D300195E58 /* ScopeAddView.swift in Sources */,
			);
			runOnlyForDeploymentPostprocessing = 0;
		};
		27D31A32266A4EAD00DB2524 /* Sources */ = {
			isa = PBXSourcesBuildPhase;
			buildActionMask = 2147483647;
			files = (
				27D31BEB266E231C00DB2524 /* RouterTests.swift in Sources */,
				27E3DE7E267B8A250048A84C /* CryptographyTests.swift in Sources */,
			);
			runOnlyForDeploymentPostprocessing = 0;
		};
/* End PBXSourcesBuildPhase section */

/* Begin PBXTargetDependency section */
		27D31A38266A4EAD00DB2524 /* PBXTargetDependency */ = {
			isa = PBXTargetDependency;
			target = 27D31A1F266A4EAB00DB2524 /* DigiMeSDKExample */;
			targetProxy = 27D31A37266A4EAD00DB2524 /* PBXContainerItemProxy */;
		};
/* End PBXTargetDependency section */

/* Begin PBXVariantGroup section */
		27D31A2E266A4EAD00DB2524 /* LaunchScreen.storyboard */ = {
			isa = PBXVariantGroup;
			children = (
				27D31A2F266A4EAD00DB2524 /* Base */,
			);
			name = LaunchScreen.storyboard;
			sourceTree = "<group>";
		};
/* End PBXVariantGroup section */

/* Begin XCBuildConfiguration section */
		27D31A48266A4EAD00DB2524 /* Debug */ = {
			isa = XCBuildConfiguration;
			buildSettings = {
				ALWAYS_SEARCH_USER_PATHS = NO;
				ASSETCATALOG_COMPILER_GENERATE_SWIFT_ASSET_SYMBOL_EXTENSIONS = YES;
				CLANG_ANALYZER_NONNULL = YES;
				CLANG_ANALYZER_NUMBER_OBJECT_CONVERSION = YES_AGGRESSIVE;
				CLANG_CXX_LANGUAGE_STANDARD = "gnu++14";
				CLANG_CXX_LIBRARY = "libc++";
				CLANG_ENABLE_MODULES = YES;
				CLANG_ENABLE_OBJC_ARC = YES;
				CLANG_ENABLE_OBJC_WEAK = YES;
				CLANG_WARN_BLOCK_CAPTURE_AUTORELEASING = YES;
				CLANG_WARN_BOOL_CONVERSION = YES;
				CLANG_WARN_COMMA = YES;
				CLANG_WARN_CONSTANT_CONVERSION = YES;
				CLANG_WARN_DEPRECATED_OBJC_IMPLEMENTATIONS = YES;
				CLANG_WARN_DIRECT_OBJC_ISA_USAGE = YES_ERROR;
				CLANG_WARN_DOCUMENTATION_COMMENTS = YES;
				CLANG_WARN_EMPTY_BODY = YES;
				CLANG_WARN_ENUM_CONVERSION = YES;
				CLANG_WARN_INFINITE_RECURSION = YES;
				CLANG_WARN_INT_CONVERSION = YES;
				CLANG_WARN_NON_LITERAL_NULL_CONVERSION = YES;
				CLANG_WARN_OBJC_IMPLICIT_RETAIN_SELF = YES;
				CLANG_WARN_OBJC_LITERAL_CONVERSION = YES;
				CLANG_WARN_OBJC_ROOT_CLASS = YES_ERROR;
				CLANG_WARN_QUOTED_INCLUDE_IN_FRAMEWORK_HEADER = YES;
				CLANG_WARN_RANGE_LOOP_ANALYSIS = YES;
				CLANG_WARN_STRICT_PROTOTYPES = YES;
				CLANG_WARN_SUSPICIOUS_MOVE = YES;
				CLANG_WARN_UNGUARDED_AVAILABILITY = YES_AGGRESSIVE;
				CLANG_WARN_UNREACHABLE_CODE = YES;
				CLANG_WARN__DUPLICATE_METHOD_MATCH = YES;
				COPY_PHASE_STRIP = NO;
				DEBUG_INFORMATION_FORMAT = dwarf;
				ENABLE_STRICT_OBJC_MSGSEND = YES;
				ENABLE_TESTABILITY = YES;
				ENABLE_USER_SCRIPT_SANDBOXING = YES;
				GCC_C_LANGUAGE_STANDARD = gnu11;
				GCC_DYNAMIC_NO_PIC = NO;
				GCC_NO_COMMON_BLOCKS = YES;
				GCC_OPTIMIZATION_LEVEL = 0;
				GCC_PREPROCESSOR_DEFINITIONS = (
					"DEBUG=1",
					"$(inherited)",
				);
				GCC_WARN_64_TO_32_BIT_CONVERSION = YES;
				GCC_WARN_ABOUT_RETURN_TYPE = YES_ERROR;
				GCC_WARN_UNDECLARED_SELECTOR = YES;
				GCC_WARN_UNINITIALIZED_AUTOS = YES_AGGRESSIVE;
				GCC_WARN_UNUSED_FUNCTION = YES;
				GCC_WARN_UNUSED_VARIABLE = YES;
				IPHONEOS_DEPLOYMENT_TARGET = 13.0;
				MTL_ENABLE_DEBUG_INFO = INCLUDE_SOURCE;
				MTL_FAST_MATH = YES;
				ONLY_ACTIVE_ARCH = YES;
				SDKROOT = iphoneos;
				SWIFT_ACTIVE_COMPILATION_CONDITIONS = DEBUG;
				SWIFT_OPTIMIZATION_LEVEL = "-Onone";
			};
			name = Debug;
		};
		27D31A49266A4EAD00DB2524 /* Release */ = {
			isa = XCBuildConfiguration;
			buildSettings = {
				ALWAYS_SEARCH_USER_PATHS = NO;
				ASSETCATALOG_COMPILER_GENERATE_SWIFT_ASSET_SYMBOL_EXTENSIONS = YES;
				CLANG_ANALYZER_NONNULL = YES;
				CLANG_ANALYZER_NUMBER_OBJECT_CONVERSION = YES_AGGRESSIVE;
				CLANG_CXX_LANGUAGE_STANDARD = "gnu++14";
				CLANG_CXX_LIBRARY = "libc++";
				CLANG_ENABLE_MODULES = YES;
				CLANG_ENABLE_OBJC_ARC = YES;
				CLANG_ENABLE_OBJC_WEAK = YES;
				CLANG_WARN_BLOCK_CAPTURE_AUTORELEASING = YES;
				CLANG_WARN_BOOL_CONVERSION = YES;
				CLANG_WARN_COMMA = YES;
				CLANG_WARN_CONSTANT_CONVERSION = YES;
				CLANG_WARN_DEPRECATED_OBJC_IMPLEMENTATIONS = YES;
				CLANG_WARN_DIRECT_OBJC_ISA_USAGE = YES_ERROR;
				CLANG_WARN_DOCUMENTATION_COMMENTS = YES;
				CLANG_WARN_EMPTY_BODY = YES;
				CLANG_WARN_ENUM_CONVERSION = YES;
				CLANG_WARN_INFINITE_RECURSION = YES;
				CLANG_WARN_INT_CONVERSION = YES;
				CLANG_WARN_NON_LITERAL_NULL_CONVERSION = YES;
				CLANG_WARN_OBJC_IMPLICIT_RETAIN_SELF = YES;
				CLANG_WARN_OBJC_LITERAL_CONVERSION = YES;
				CLANG_WARN_OBJC_ROOT_CLASS = YES_ERROR;
				CLANG_WARN_QUOTED_INCLUDE_IN_FRAMEWORK_HEADER = YES;
				CLANG_WARN_RANGE_LOOP_ANALYSIS = YES;
				CLANG_WARN_STRICT_PROTOTYPES = YES;
				CLANG_WARN_SUSPICIOUS_MOVE = YES;
				CLANG_WARN_UNGUARDED_AVAILABILITY = YES_AGGRESSIVE;
				CLANG_WARN_UNREACHABLE_CODE = YES;
				CLANG_WARN__DUPLICATE_METHOD_MATCH = YES;
				COPY_PHASE_STRIP = NO;
				DEBUG_INFORMATION_FORMAT = "dwarf-with-dsym";
				ENABLE_NS_ASSERTIONS = NO;
				ENABLE_STRICT_OBJC_MSGSEND = YES;
				ENABLE_USER_SCRIPT_SANDBOXING = YES;
				GCC_C_LANGUAGE_STANDARD = gnu11;
				GCC_NO_COMMON_BLOCKS = YES;
				GCC_WARN_64_TO_32_BIT_CONVERSION = YES;
				GCC_WARN_ABOUT_RETURN_TYPE = YES_ERROR;
				GCC_WARN_UNDECLARED_SELECTOR = YES;
				GCC_WARN_UNINITIALIZED_AUTOS = YES_AGGRESSIVE;
				GCC_WARN_UNUSED_FUNCTION = YES;
				GCC_WARN_UNUSED_VARIABLE = YES;
				IPHONEOS_DEPLOYMENT_TARGET = 13.0;
				MTL_ENABLE_DEBUG_INFO = NO;
				MTL_FAST_MATH = YES;
				SDKROOT = iphoneos;
				SWIFT_COMPILATION_MODE = wholemodule;
				SWIFT_OPTIMIZATION_LEVEL = "-O";
				VALIDATE_PRODUCT = YES;
			};
			name = Release;
		};
		27D31A4B266A4EAD00DB2524 /* Debug */ = {
			isa = XCBuildConfiguration;
			buildSettings = {
				ASSETCATALOG_COMPILER_APPICON_NAME = AppIcon;
				CODE_SIGN_ENTITLEMENTS = DigiMeSDKExample/DigiMeSDKExample.entitlements;
				CODE_SIGN_STYLE = Automatic;
				CURRENT_PROJECT_VERSION = 33;
				DEVELOPMENT_TEAM = 6K8XB5P6AF;
				DOCC_HOSTING_BASE_PATH = "gh-pages";
				ENABLE_USER_SCRIPT_SANDBOXING = NO;
				INFOPLIST_FILE = DigiMeSDKExample/Info.plist;
				INFOPLIST_KEY_CFBundleDisplayName = "SDK Example";
				IPHONEOS_DEPLOYMENT_TARGET = 16.0;
				LD_RUNPATH_SEARCH_PATHS = (
					"$(inherited)",
					"@executable_path/Frameworks",
				);
				MARKETING_VERSION = 1.0.0;
				PRODUCT_BUNDLE_IDENTIFIER = me.digi.sdk.example;
				PRODUCT_NAME = "$(TARGET_NAME)";
				SWIFT_VERSION = 5.0;
				TARGETED_DEVICE_FAMILY = "1,2";
			};
			name = Debug;
		};
		27D31A4C266A4EAD00DB2524 /* Release */ = {
			isa = XCBuildConfiguration;
			buildSettings = {
				ASSETCATALOG_COMPILER_APPICON_NAME = AppIcon;
				CODE_SIGN_ENTITLEMENTS = DigiMeSDKExample/DigiMeSDKExample.entitlements;
				CODE_SIGN_STYLE = Automatic;
				CURRENT_PROJECT_VERSION = 33;
				DEVELOPMENT_TEAM = 6K8XB5P6AF;
				DOCC_HOSTING_BASE_PATH = "gh-pages";
				ENABLE_USER_SCRIPT_SANDBOXING = NO;
				INFOPLIST_FILE = DigiMeSDKExample/Info.plist;
				INFOPLIST_KEY_CFBundleDisplayName = "SDK Example";
				IPHONEOS_DEPLOYMENT_TARGET = 16.0;
				LD_RUNPATH_SEARCH_PATHS = (
					"$(inherited)",
					"@executable_path/Frameworks",
				);
				MARKETING_VERSION = 1.0.0;
				PRODUCT_BUNDLE_IDENTIFIER = me.digi.sdk.example;
				PRODUCT_NAME = "$(TARGET_NAME)";
				SWIFT_VERSION = 5.0;
				TARGETED_DEVICE_FAMILY = "1,2";
			};
			name = Release;
		};
		27D31A4E266A4EAD00DB2524 /* Debug */ = {
			isa = XCBuildConfiguration;
			buildSettings = {
				ALWAYS_EMBED_SWIFT_STANDARD_LIBRARIES = YES;
				BUNDLE_LOADER = "$(TEST_HOST)";
				CODE_SIGN_STYLE = Automatic;
				DEVELOPMENT_TEAM = 6K8XB5P6AF;
				INFOPLIST_FILE = DigiMeSDKExampleTests/Info.plist;
				IPHONEOS_DEPLOYMENT_TARGET = 14.5;
				LD_RUNPATH_SEARCH_PATHS = (
					"$(inherited)",
					"@executable_path/Frameworks",
					"@loader_path/Frameworks",
				);
				PRODUCT_BUNDLE_IDENTIFIER = "me.digi.ios-sdk-example.DigiMeSDKExampleTests";
				PRODUCT_NAME = "$(TARGET_NAME)";
				SWIFT_VERSION = 5.0;
				TARGETED_DEVICE_FAMILY = "1,2";
				TEST_HOST = "$(BUILT_PRODUCTS_DIR)/DigiMeSDKExample.app/DigiMeSDKExample";
			};
			name = Debug;
		};
		27D31A4F266A4EAD00DB2524 /* Release */ = {
			isa = XCBuildConfiguration;
			buildSettings = {
				ALWAYS_EMBED_SWIFT_STANDARD_LIBRARIES = YES;
				BUNDLE_LOADER = "$(TEST_HOST)";
				CODE_SIGN_STYLE = Automatic;
				DEVELOPMENT_TEAM = 6K8XB5P6AF;
				INFOPLIST_FILE = DigiMeSDKExampleTests/Info.plist;
				IPHONEOS_DEPLOYMENT_TARGET = 14.5;
				LD_RUNPATH_SEARCH_PATHS = (
					"$(inherited)",
					"@executable_path/Frameworks",
					"@loader_path/Frameworks",
				);
				PRODUCT_BUNDLE_IDENTIFIER = "me.digi.ios-sdk-example.DigiMeSDKExampleTests";
				PRODUCT_NAME = "$(TARGET_NAME)";
				SWIFT_VERSION = 5.0;
				TARGETED_DEVICE_FAMILY = "1,2";
				TEST_HOST = "$(BUILT_PRODUCTS_DIR)/DigiMeSDKExample.app/DigiMeSDKExample";
			};
			name = Release;
		};
/* End XCBuildConfiguration section */

/* Begin XCConfigurationList section */
		27D31A1B266A4EAB00DB2524 /* Build configuration list for PBXProject "DigiMeSDKExample" */ = {
			isa = XCConfigurationList;
			buildConfigurations = (
				27D31A48266A4EAD00DB2524 /* Debug */,
				27D31A49266A4EAD00DB2524 /* Release */,
			);
			defaultConfigurationIsVisible = 0;
			defaultConfigurationName = Release;
		};
		27D31A4A266A4EAD00DB2524 /* Build configuration list for PBXNativeTarget "DigiMeSDKExample" */ = {
			isa = XCConfigurationList;
			buildConfigurations = (
				27D31A4B266A4EAD00DB2524 /* Debug */,
				27D31A4C266A4EAD00DB2524 /* Release */,
			);
			defaultConfigurationIsVisible = 0;
			defaultConfigurationName = Release;
		};
		27D31A4D266A4EAD00DB2524 /* Build configuration list for PBXNativeTarget "DigiMeSDKExampleTests" */ = {
			isa = XCConfigurationList;
			buildConfigurations = (
				27D31A4E266A4EAD00DB2524 /* Debug */,
				27D31A4F266A4EAD00DB2524 /* Release */,
			);
			defaultConfigurationIsVisible = 0;
			defaultConfigurationName = Release;
		};
/* End XCConfigurationList section */

/* Begin XCLocalSwiftPackageReference section */
		1EB7902F2B46DBB9001D0811 /* XCLocalSwiftPackageReference "../../DigiMeCore" */ = {
			isa = XCLocalSwiftPackageReference;
			relativePath = ../../DigiMeCore;
		};
		1EB790322B46DBDA001D0811 /* XCLocalSwiftPackageReference "../../DigiMeHealthKit" */ = {
			isa = XCLocalSwiftPackageReference;
			relativePath = ../../DigiMeHealthKit;
		};
		1EB790352B46DBE7001D0811 /* XCLocalSwiftPackageReference "../../DigiMeSDK" */ = {
			isa = XCLocalSwiftPackageReference;
			relativePath = ../../DigiMeSDK;
		};
/* End XCLocalSwiftPackageReference section */

/* Begin XCSwiftPackageProductDependency section */
		1EB7902B2B46DB86001D0811 /* DigiMeSDK */ = {
			isa = XCSwiftPackageProductDependency;
			productName = DigiMeSDK;
		};
		1EB790302B46DBB9001D0811 /* DigiMeCore */ = {
			isa = XCSwiftPackageProductDependency;
			productName = DigiMeCore;
		};
		1EB790332B46DBDA001D0811 /* DigiMeHealthKit */ = {
			isa = XCSwiftPackageProductDependency;
			productName = DigiMeHealthKit;
		};
		1EB790362B46DBE7001D0811 /* DigiMeSDK */ = {
			isa = XCSwiftPackageProductDependency;
			productName = DigiMeSDK;
		};
/* End XCSwiftPackageProductDependency section */
	};
	rootObject = 27D31A18266A4EAB00DB2524 /* Project object */;
}
